{
  "version": 1,
  "dependencies": {
    "net10.0-windows7.0": {
      "coverlet.collector": {
        "type": "Direct",
        "requested": "[6.0.4, )",
        "resolved": "6.0.4",
        "contentHash": "lkhqpF8Pu2Y7IiN7OntbsTtdbpR1syMsm2F3IgX6ootA4ffRqWL5jF7XipHuZQTdVuWG/gVAAcf8mjk8Tz0xPg=="
      },
      "Microsoft.NET.Test.Sdk": {
        "type": "Direct",
        "requested": "[17.14.1, )",
        "resolved": "17.14.1",
        "contentHash": "HJKqKOE+vshXra2aEHpi2TlxYX7Z9VFYkr+E5rwEvHC8eIXiyO+K9kNm8vmNom3e2rA56WqxU+/N9NJlLGXsJQ==",
        "dependencies": {
          "Microsoft.CodeCoverage": "17.14.1",
          "Microsoft.TestPlatform.TestHost": "17.14.1"
        }
      },
      "xunit": {
        "type": "Direct",
        "requested": "[2.9.3, )",
        "resolved": "2.9.3",
        "contentHash": "TlXQBinK35LpOPKHAqbLY4xlEen9TBafjs0V5KnA4wZsoQLQJiirCR4CbIXvOH8NzkW4YeJKP5P/Bnrodm0h9Q==",
        "dependencies": {
          "xunit.analyzers": "1.18.0",
          "xunit.assert": "2.9.3",
          "xunit.core": "[2.9.3]"
        }
      },
      "xunit.runner.visualstudio": {
        "type": "Direct",
        "requested": "[3.1.4, )",
        "resolved": "3.1.4",
        "contentHash": "5mj99LvCqrq3CNi06xYdyIAXOEh+5b33F2nErCzI5zWiDdLHXiPXEWFSUAF8zlIv0ZWqjZNCwHTQeAPYbF3pCg=="
      },
      "AngleSharp": {
        "type": "Transitive",
        "resolved": "1.3.0",
        "contentHash": "iHzfn4cK6CmhuURNdEpmSQCq5/HZFldEpkbnmqT9My8+6l2Sz3F+NxoqRA8z/jTkWB+SAu5boRdp4v/WtyjuIQ=="
      },
      "Microsoft.CodeCoverage": {
        "type": "Transitive",
        "resolved": "17.14.1",
        "contentHash": "pmTrhfFIoplzFVbhVwUquT+77CbGH+h4/3mBpdmIlYtBi9nAB+kKI6dN3A/nV4DFi3wLLx/BlHIPK+MkbQ6Tpg=="
      },
      "Microsoft.Data.Sqlite": {
        "type": "Transitive",
        "resolved": "10.0.9",
        "contentHash": "/eBwiZPcNisn0qZX+Zk4YCftlK/vnoWqv7hHnmSk8MjPxFdYYkmPObpogT0MfCCWN6oAIZnMCo0SoOtZlbbmgQ==",
        "dependencies": {
          "Microsoft.Data.Sqlite.Core": "10.0.9",
          "SQLitePCLRaw.bundle_e_sqlite3": "2.1.11",
          "SQLitePCLRaw.core": "2.1.11"
        }
      },
      "Microsoft.Data.Sqlite.Core": {
        "type": "Transitive",
        "resolved": "10.0.9",
        "contentHash": "iZrONyMKPjxfVZnUktqO30QjzNwAGH+AxM61s8lKQnVhgbQ3bn0hiXI129ZmVicEbIcwljyy2OVsIYUR51ZHKQ==",
        "dependencies": {
          "SQLitePCLRaw.core": "2.1.11"
        }
      },
      "Microsoft.TestPlatform.ObjectModel": {
        "type": "Transitive",
        "resolved": "17.14.1",
        "contentHash": "xTP1W6Mi6SWmuxd3a+jj9G9UoC850WGwZUps1Wah9r1ZxgXhdJfj1QqDLJkFjHDCvN42qDL2Ps5KjQYWUU0zcQ=="
      },
      "Microsoft.TestPlatform.TestHost": {
        "type": "Transitive",
        "resolved": "17.14.1",
        "contentHash": "d78LPzGKkJwsJXAQwsbJJ7LE7D1wB+rAyhHHAaODF+RDSQ0NgMjDFkSA1Djw18VrxO76GlKAjRUhl+H8NL8Z+Q==",
        "dependencies": {
          "Microsoft.TestPlatform.ObjectModel": "17.14.1",
          "Newtonsoft.Json": "13.0.3"
        }
      },
      "Microsoft.Web.WebView2": {
        "type": "Transitive",
        "resolved": "1.0.3967.48",
        "contentHash": "b7dZ5kZ9bfU5Yo11M8feCOoiyalXCN+2Gsw674RBDBmQ2dJV5EOXb8/ivN2LuLJ+VO2V7FmK6l6LsyfEnG1lXw=="
      },
      "Newtonsoft.Json": {
        "type": "Transitive",
        "resolved": "13.0.3",
        "contentHash": "HrC5BXdl00IP9zeV+0Z848QWPAoCr9P3bDEZguI+gkLcBKAOxix/tLEAAHC+UvDNPv4a2d18lOReHMOagPa+zQ=="
      },
      "OfficeIMO.Markdown": {
        "type": "Transitive",
        "resolved": "0.6.5",
        "contentHash": "8tCl4cdsN/Qx+FICyFgo8tAU5nN64mQlBbROoK3gNXvD4+kfniDSwfHxYWydJMfS2BaDGMm51YZZ20FDR5loUQ=="
      },
      "OfficeIMO.Markdown.Html": {
        "type": "Transitive",
        "resolved": "0.1.5",
        "contentHash": "z7gCXslAQLUx0bZ5JXUqvP7ZybQ94pLfYZ8PdhQ6O/qAvlYDLGtpzovCXX0yNVqTbR62pHJMiGSCBdqNMWX8iA==",
        "dependencies": {
          "AngleSharp": "1.3.0",
          "OfficeIMO.Markdown": "0.6.5"
        }
      },
      "OfficeIMO.MarkdownRenderer": {
        "type": "Transitive",
        "resolved": "0.2.5",
        "contentHash": "vDpOtV854M3dFfNQ3tJ3r6h6MIg3l1MzVoDrYkTULkLtfgq+nJshQTUAbYwAIQVnl/XbTvoHRJNfRN7Wf3oe8g==",
        "dependencies": {
          "OfficeIMO.Markdown": "0.6.5",
          "OfficeIMO.Markdown.Html": "0.1.5",
          "System.Text.Json": "[8.0.5, 9.0.0)"
        }
      },
      "OfficeIMO.MarkdownRenderer.Wpf": {
        "type": "Transitive",
        "resolved": "0.1.0",
        "contentHash": "7ZetGNPohn2rgFXK7fqktR+oERRJUXOvuFpqCpEWLUgjXl3CBDamhQLkT8mYlidNSCCyHhuakjc6TynopGcJYg==",
        "dependencies": {
          "Microsoft.Web.WebView2": "1.0.3856.49",
          "OfficeIMO.MarkdownRenderer": "0.2.5"
        }
      },
      "SourceGear.sqlite3": {
        "type": "Transitive",
        "resolved": "3.50.4.5",
        "contentHash": "UtnipXhJYZKQOQIfpws/msLK7IRhMplE1CZCaZLIQXRnGD474QVpO/J9nMlQQY8NZueGz1aidjoxDRnrC1NT3Q=="
      },
      "SQLitePCLRaw.bundle_e_sqlite3": {
        "type": "Transitive",
        "resolved": "3.0.3",
        "contentHash": "Zt8jmSL5zcDWGk8rmzhWBJ6IRyLWh1yWS04Pg72+GIvo3Ba4E/rG4Y/4l7AWlSEogEbzyKRTCXUAs1v/O7Pkkg==",
        "dependencies": {
          "SQLitePCLRaw.config.e_sqlite3": "3.0.3",
          "SourceGear.sqlite3": "3.50.4.5"
        }
      },
      "SQLitePCLRaw.config.e_sqlite3": {
        "type": "Transitive",
        "resolved": "3.0.3",
        "contentHash": "caP/ap0X2fyVmstCXu5ueOmcr2XWAxA2XyKghV7H4bOAFmq3nWcsGl9q44iY1HYG+i8Qr4G9XEqdfti0rV6/ZQ==",
        "dependencies": {
          "SQLitePCLRaw.provider.e_sqlite3": "3.0.3"
        }
      },
      "SQLitePCLRaw.core": {
        "type": "Transitive",
        "resolved": "3.0.3",
        "contentHash": "bjm6FY4lZyP+t7GmiuvSM0QXpFihAvyE0Y9O2yibm3g95AAWJPNnHOKVNJGyPTGIKuK7Pr4Wh8Rd8/aOtAclQw=="
      },
      "SQLitePCLRaw.provider.e_sqlite3": {
        "type": "Transitive",
        "resolved": "3.0.3",
        "contentHash": "wd+fGvZTrr3BJNe48opSczmC176Okd61ZgoZNQcdvZwkek6to978ccdpcFmNo5GHxCnk29KwT+f+lAZYgfLVZg==",
        "dependencies": {
          "SQLitePCLRaw.core": "3.0.3"
        }
      },
      "System.IO.Packaging": {
        "type": "Transitive",
        "resolved": "10.0.7",
        "contentHash": "qvYn5etKp2m3p05CCvw48OXf0mbD57g0gq/dCjQvq2ZgXYtjB3CV6rwzO7QprxMHnkZFhJ0StrB0thrVzpF49Q=="
      },
      "System.Reflection.MetadataLoadContext": {
        "type": "Transitive",
        "resolved": "8.0.0",
        "contentHash": "SZxrQ4sQYnIcdwiO3G/lHZopbPYQ2lW0ioT4JezgccWUrKaKbHLJbAGZaDfkYjWcta1pWssAo3MOXLsR0ie4tQ=="
      },
      "System.Security.Cryptography.ProtectedData": {
        "type": "Transitive",
        "resolved": "10.0.7",
        "contentHash": "eqKW9wyPUhZi6pxy9Y0fQO/bdHROcwj0tYdmoGEPCPCtCJLFdVVAlzuuYYEnJI64HxhoXPYGhtx891g/jwN4rg=="
      },
      "System.Text.Json": {
        "type": "Transitive",
        "resolved": "8.0.5",
        "contentHash": "0f1B50Ss7rqxXiaBJyzUu9bWFOO2/zSlifZ/UNMdiIpDYe4cY4LQQicP4nirK1OS31I43rn062UIJ1Q9bpmHpg=="
      },
      "xunit.abstractions": {
        "type": "Transitive",
        "resolved": "2.0.3",
        "contentHash": "pot1I4YOxlWjIb5jmwvvQNbTrZ3lJQ+jUGkGjWE3hEFM0l5gOnBWS+H3qsex68s5cO52g+44vpGzhAt+42vwKg=="
      },
      "xunit.analyzers": {
        "type": "Transitive",
        "resolved": "1.18.0",
        "contentHash": "OtFMHN8yqIcYP9wcVIgJrq01AfTxijjAqVDy/WeQVSyrDC1RzBWeQPztL49DN2syXRah8TYnfvk035s7L95EZQ=="
      },
      "xunit.assert": {
        "type": "Transitive",
        "resolved": "2.9.3",
        "contentHash": "/Kq28fCE7MjOV42YLVRAJzRF0WmEqsmflm0cfpMjGtzQ2lR5mYVj1/i0Y8uDAOLczkL3/jArrwehfMD0YogMAA=="
      },
      "xunit.core": {
        "type": "Transitive",
        "resolved": "2.9.3",
        "contentHash": "BiAEvqGvyme19wE0wTKdADH+NloYqikiU0mcnmiNyXaF9HyHmE6sr/3DC5vnBkgsWaE6yPyWszKSPSApWdRVeQ==",
        "dependencies": {
          "xunit.extensibility.core": "[2.9.3]",
          "xunit.extensibility.execution": "[2.9.3]"
        }
      },
      "xunit.extensibility.core": {
        "type": "Transitive",
        "resolved": "2.9.3",
        "contentHash": "kf3si0YTn2a8J8eZNb+zFpwfoyvIrQ7ivNk5ZYA5yuYk1bEtMe4DxJ2CF/qsRgmEnDr7MnW1mxylBaHTZ4qErA==",
        "dependencies": {
          "xunit.abstractions": "2.0.3"
        }
      },
      "xunit.extensibility.execution": {
        "type": "Transitive",
        "resolved": "2.9.3",
        "contentHash": "yMb6vMESlSrE3Wfj7V6cjQ3S4TXdXpRqYeNEI3zsX31uTsGMJjEw6oD5F5u1cHnMptjhEECnmZSsPxB6ChZHDQ==",
        "dependencies": {
          "xunit.extensibility.core": "[2.9.3]"
        }
      },
      "dbaclientx.core": {
        "type": "Project"
      },
      "dbaclientx.sqlite": {
        "type": "Project",
        "dependencies": {
          "DBAClientX.Core": "[0.11.0, )",
          "Microsoft.Data.Sqlite": "[10.0.9, )",
          "SQLitePCLRaw.bundle_e_sqlite3": "[3.0.3, )",
          "SQLitePCLRaw.core": "[3.0.3, )"
        }
      },
      "powerforge": {
        "type": "Project",
        "dependencies": {
          "System.IO.Packaging": "[10.0.7, )",
          "System.Reflection.MetadataLoadContext": "[8.0.0, )",
          "System.Security.Cryptography.ProtectedData": "[10.0.7, )"
        }
      },
      "powerforgestudio.domain": {
        "type": "Project"
      },
      "powerforgestudio.orchestrator": {
        "type": "Project",
        "dependencies": {
          "DBAClientX.Core": "[0.11.0, )",
          "DBAClientX.SQLite": "[0.10.0, )",
          "Microsoft.Data.Sqlite": "[10.0.9, )",
          "PowerForge": "[1.0.0, )",
          "PowerForgeStudio.Domain": "[1.0.0, )"
        }
      },
      "powerforgestudio.wpf": {
        "type": "Project",
        "dependencies": {
          "Microsoft.Web.WebView2": "[1.0.*, )",
          "OfficeIMO.MarkdownRenderer.Wpf": "[0.1.0, )",
          "PowerForgeStudio.Domain": "[1.0.0, )",
          "PowerForgeStudio.Orchestrator": "[1.0.0, )"
        }
      }
    }
  }
}
