{
  "version": 1,
  "dependencies": {
    "net10.0-windows7.0": {
      "coverlet.collector": {
        "type": "Direct",
        "requested": "[6.0.4, )",
        "resolved": "6.0.4",
        "contentHash": "lkhqpF8Pu2Y7IiN7OntbsTtdbpR1syMsm2F3IgX6ootA4ffRqWL5jF7XipHuZQTdVuWG/gVAAcf8mjk8Tz0xPg=="
      },
      "Microsoft.NET.Test.Sdk": {
        "type": "Direct",
        "requested": "[17.14.1, )",
        "resolved": "17.14.1",
        "contentHash": "HJKqKOE+vshXra2aEHpi2TlxYX7Z9VFYkr+E5rwEvHC8eIXiyO+K9kNm8vmNom3e2rA56WqxU+/N9NJlLGXsJQ==",
        "dependencies": {
          "Microsoft.CodeCoverage": "17.14.1",
          "Microsoft.TestPlatform.TestHost": "17.14.1"
        }
      },
      "xunit": {
        "type": "Direct",
        "requested": "[2.9.3, )",
        "resolved": "2.9.3",
        "contentHash": "TlXQBinK35LpOPKHAqbLY4xlEen9TBafjs0V5KnA4wZsoQLQJiirCR4CbIXvOH8NzkW4YeJKP5P/Bnrodm0h9Q==",
        "dependencies": {
          "xunit.analyzers": "1.18.0",
          "xunit.assert": "2.9.3",
          "xunit.core": "[2.9.3]"
        }
      },
      "xunit.runner.visualstudio": {
        "type": "Direct",
        "requested": "[3.1.4, )",
        "resolved": "3.1.4",
        "contentHash": "5mj99LvCqrq3CNi06xYdyIAXOEh+5b33F2nErCzI5zWiDdLHXiPXEWFSUAF8zlIv0ZWqjZNCwHTQeAPYbF3pCg=="
      },
      "AngleSharp": {
        "type": "Transitive",
        "resolved": "1.5.2",
        "contentHash": "LVZ7rrr6GHbhERhTgVDarVygl1e6KwE96pronA90LBOMacDhxR4lB+xYLjn/vlnUu+xbOB2RM9fuCPEx5bdyWA=="
      },
      "AngleSharp.Css": {
        "type": "Transitive",
        "resolved": "1.0.0-beta.216",
        "contentHash": "RVt/B1pp7HREgerDw8BVZSDC+Uqh+yeL/OGtu57mLLhBBPIQ1oSYrPKOYgdt0EZEK34l7BNCjx4BaQRNRN/ZIw==",
        "dependencies": {
          "AngleSharp": "[1.0.0, 2.0.0)"
        }
      },
      "BouncyCastle.Cryptography": {
        "type": "Transitive",
        "resolved": "2.6.2",
        "contentHash": "7oWOcvnntmMKNzDLsdxAYqApt+AjpRpP2CShjMfIa3umZ42UQMvH0tl1qAliYPNYO6vTdcGMqnRrCPmsfzTI1w=="
      },
      "Microsoft.CodeCoverage": {
        "type": "Transitive",
        "resolved": "17.14.1",
        "contentHash": "pmTrhfFIoplzFVbhVwUquT+77CbGH+h4/3mBpdmIlYtBi9nAB+kKI6dN3A/nV4DFi3wLLx/BlHIPK+MkbQ6Tpg=="
      },
      "Microsoft.Data.Sqlite": {
        "type": "Transitive",
        "resolved": "10.0.10",
        "contentHash": "58JwZ39lCvRXHfV5O6RQfbHEDu8ZsXI7weRoVRR4jrGRxxkS+qyeuGrN2xD+9VYEICApYr0iTSL6PuU+DdsvPg==",
        "dependencies": {
          "Microsoft.Data.Sqlite.Core": "10.0.10",
          "SQLitePCLRaw.bundle_e_sqlite3": "2.1.11",
          "SQLitePCLRaw.core": "2.1.11"
        }
      },
      "Microsoft.Data.Sqlite.Core": {
        "type": "Transitive",
        "resolved": "10.0.10",
        "contentHash": "TPCs0ldm7AWqcKmp6f/Xr+14sat7hx4rHfRlS4RgCURBH2thEWbAKEyX7cCWr63zVJVOJIJZTg2cBiUXa8ys6g==",
        "dependencies": {
          "SQLitePCLRaw.core": "2.1.11"
        }
      },
      "Microsoft.TestPlatform.ObjectModel": {
        "type": "Transitive",
        "resolved": "17.14.1",
        "contentHash": "xTP1W6Mi6SWmuxd3a+jj9G9UoC850WGwZUps1Wah9r1ZxgXhdJfj1QqDLJkFjHDCvN42qDL2Ps5KjQYWUU0zcQ=="
      },
      "Microsoft.TestPlatform.TestHost": {
        "type": "Transitive",
        "resolved": "17.14.1",
        "contentHash": "d78LPzGKkJwsJXAQwsbJJ7LE7D1wB+rAyhHHAaODF+RDSQ0NgMjDFkSA1Djw18VrxO76GlKAjRUhl+H8NL8Z+Q==",
        "dependencies": {
          "Microsoft.TestPlatform.ObjectModel": "17.14.1",
          "Newtonsoft.Json": "13.0.3"
        }
      },
      "Microsoft.Web.WebView2": {
        "type": "Transitive",
        "resolved": "1.0.4129.50",
        "contentHash": "BuJC70c7SCl8wlvojLZbc/E5ONmGyG3fhAMmpftCpKerxae//TxgKOTELRK2QRD7m7jigNFQRf6cfVT3ZiIQoQ=="
      },
      "Newtonsoft.Json": {
        "type": "Transitive",
        "resolved": "13.0.3",
        "contentHash": "HrC5BXdl00IP9zeV+0Z848QWPAoCr9P3bDEZguI+gkLcBKAOxix/tLEAAHC+UvDNPv4a2d18lOReHMOagPa+zQ=="
      },
      "NuGet.Common": {
        "type": "Transitive",
        "resolved": "7.6.0",
        "contentHash": "uyXLqkbbZmkMvdHOR23l1EHW2hRmULtzoG3Ocj84VpGptnNfkODVboHGJfDfcn9Gi9oUNDs8/VjL4FZcST6zVg==",
        "dependencies": {
          "NuGet.Frameworks": "7.6.0"
        }
      },
      "NuGet.Configuration": {
        "type": "Transitive",
        "resolved": "7.6.0",
        "contentHash": "+bNj+YneC5CNg1vR+WZjLAakscJlsi0KhADZUgIJPn4pwh8/jeCUMC5ik5cpET/i+QOplDy7aJVTGkpdfrlPww==",
        "dependencies": {
          "NuGet.Common": "7.6.0",
          "System.Security.Cryptography.ProtectedData": "8.0.0"
        }
      },
      "NuGet.Frameworks": {
        "type": "Transitive",
        "resolved": "7.6.0",
        "contentHash": "rJ7QtKN45XzLXCrMATve6eFLiUyUGEkA1rFSb6U6Fw6laM4hEAcKOrcdbgWlcFUlCK2158qP1LF00hg/ivF3nw=="
      },
      "OfficeIMO.Drawing": {
        "type": "Transitive",
        "resolved": "3.0.3",
        "contentHash": "xpFbtcKgYZ27uWjQD8GAxWERdvOnpEG7VfOY5qk7TTk4AeyIIsqdqIt/PPlE+Ht4STpdSUvaH37PuyyuNpHgIg=="
      },
      "OfficeIMO.Email": {
        "type": "Transitive",
        "resolved": "3.0.3",
        "contentHash": "n0qh2gNf5v15Jm/KUvewwZHyk1jX4rJ5A1yJcHlQnK9udGohq3zV3cMxCAs/Z3ZKRpqnqwbrOb2bzJehZVaoaQ==",
        "dependencies": {
          "OfficeIMO.Drawing": "3.0.3",
          "OfficeIMO.Rtf": "3.0.3",
          "OfficeIMO.Security": "3.0.3"
        }
      },
      "OfficeIMO.Html": {
        "type": "Transitive",
        "resolved": "3.0.3",
        "contentHash": "925VRH7poeovDwp5hIghWIFQKjJOSPCqWVy466erxqxHSAQnmGmQSM9wMhNOLTndZnLpR51C62BGIN2OluYYpg==",
        "dependencies": {
          "AngleSharp": "1.5.2",
          "AngleSharp.Css": "1.0.0-beta.216",
          "OfficeIMO.Drawing": "3.0.3",
          "OfficeIMO.Email": "3.0.3",
          "OfficeIMO.Rtf": "3.0.3"
        }
      },
      "OfficeIMO.Markdown": {
        "type": "Transitive",
        "resolved": "3.0.3",
        "contentHash": "4VAWWPaUFiuzyVx2ZQ2b6/h97ZN5j8nltCmUtv1OWIdmGUfazZRQd/CEYM2e468zkOswGAZDHIU+QV31rQ2A0A==",
        "dependencies": {
          "OfficeIMO.Drawing": "3.0.3"
        }
      },
      "OfficeIMO.Markdown.Html": {
        "type": "Transitive",
        "resolved": "3.0.3",
        "contentHash": "Ku6bJhBg6n5Xq4ESHsu7ggC0AUMLAe9PiwKUzThZk0IonU9uioRWvNdcDOZTPHHHSFoP0LUWvjNANYwTECsFjw==",
        "dependencies": {
          "OfficeIMO.Html": "3.0.3",
          "OfficeIMO.Markdown": "3.0.3"
        }
      },
      "OfficeIMO.MarkdownRenderer": {
        "type": "Transitive",
        "resolved": "3.0.3",
        "contentHash": "fl9vzHGae4LYzCjNWW8/YMxk1p1g82H/FUM+LLFnWR2WxB9/ly//mB0+A3nkIpCcoUWlz0x7gJSDjhxn+eIdxw==",
        "dependencies": {
          "OfficeIMO.Markdown": "3.0.3",
          "OfficeIMO.Markdown.Html": "3.0.3"
        }
      },
      "OfficeIMO.MarkdownRenderer.Wpf": {
        "type": "Transitive",
        "resolved": "3.0.3",
        "contentHash": "tFtywYtsEWzjjwDTDw7ZpJQPmfDnBn6kxdbZ3+0n37OMX3HBa6QU2Q8Pct+YQCPTmO5NFJdcykBq9l93QMWjXQ==",
        "dependencies": {
          "Microsoft.Web.WebView2": "1.0.3912.50",
          "OfficeIMO.MarkdownRenderer": "3.0.3"
        }
      },
      "OfficeIMO.Rtf": {
        "type": "Transitive",
        "resolved": "3.0.3",
        "contentHash": "6eFbUN+GR8iyK78UtQOOyf+auBU3v/ekfW1qt+cQXhNhzuUW99HFiyNbd+eBji4EUW1cP47jiRi4ojQtnVdnsg==",
        "dependencies": {
          "OfficeIMO.Drawing": "3.0.3"
        }
      },
      "OfficeIMO.Security": {
        "type": "Transitive",
        "resolved": "3.0.3",
        "contentHash": "Pn5aJKB9dgPVOT/j4l6mUZpffw+nYlI+MI8MPGkkKkyw4EA+io82NOBlFyinaxg92S0fqzz1Xs2V9XTql//JMw==",
        "dependencies": {
          "BouncyCastle.Cryptography": "[2.6.2, 3.0.0)"
        }
      },
      "SQLite": {
        "type": "Transitive",
        "resolved": "3.53.4",
        "contentHash": "KN7jeWqgUPeBRe1FlcpZURzxomuKKEKHmBBQfg+Nx7NkY1LjKhzHvH+3ASkNvhayESE34nMBinL9CV21JfPRJw=="
      },
      "SQLitePCLRaw.bundle_e_sqlite3": {
        "type": "Transitive",
        "resolved": "3.0.5",
        "contentHash": "SW8iASIyWMrLzqabUHYQRvALhvD4ylSBsj4PgEVGwc36kQjc9xT5kSV/XQ9rU7nIpBWD+LPyX3Hlw5FzyUzGeQ==",
        "dependencies": {
          "SQLite": "3.53.4",
          "SQLitePCLRaw.config.e_sqlite3": "3.0.5"
        }
      },
      "SQLitePCLRaw.config.e_sqlite3": {
        "type": "Transitive",
        "resolved": "3.0.5",
        "contentHash": "aSk8WE5tF2MybESMgtZAEyMVCAWA0nBqOMc48HFoa9UoSdtm3goDXVzNRnefeKIwE6bV9NaNXptn1F9ReMQI0Q==",
        "dependencies": {
          "SQLitePCLRaw.provider.e_sqlite3": "3.0.5"
        }
      },
      "SQLitePCLRaw.core": {
        "type": "Transitive",
        "resolved": "3.0.5",
        "contentHash": "k81AYXXRCw3Zj8rOhyBoCsx/U97KYDFI2CSKr/ijl5BwpsW/hX/4kBiDmerFaoust8nxBwa0IHQFw8MmSHRtnQ=="
      },
      "SQLitePCLRaw.provider.e_sqlite3": {
        "type": "Transitive",
        "resolved": "3.0.5",
        "contentHash": "um8YSWduhhuskTG2bHfZrBqMNQOydfU8pcseT+cu5RivOGyoUbCrGXxgoRNTmRYw2VbMWnEZVVFcneZT/5dsBg==",
        "dependencies": {
          "SQLitePCLRaw.core": "3.0.5"
        }
      },
      "System.IO.Packaging": {
        "type": "Transitive",
        "resolved": "10.0.10",
        "contentHash": "SZT8XZ8Tktdnhaq5eWOJWN0VBczFZ7l6K5C5ykbaQFXZ0Uv8UBJwQcYUM1NVk5pKAmPlHnancMh33jF6IKnUrg=="
      },
      "System.Reflection.MetadataLoadContext": {
        "type": "Transitive",
        "resolved": "8.0.1",
        "contentHash": "c/hiLzoMeYWnoTsdeRY2o0Vbadfedt0b4ZawQ+qDr1BIoYBQo3ASei0Pyiz00n9pHBlfWXiUVy90tOWBEgJ8/Q=="
      },
      "System.Security.Cryptography.ProtectedData": {
        "type": "Transitive",
        "resolved": "10.0.10",
        "contentHash": "BKt0SQgq2lq3ESE68jkeLwv95ypANrPDtkTOIFGcnhg2aRUeUUBDrQlkVDZctrg1WenVcvn5P5XZnuYI7q6rFQ=="
      },
      "xunit.abstractions": {
        "type": "Transitive",
        "resolved": "2.0.3",
        "contentHash": "pot1I4YOxlWjIb5jmwvvQNbTrZ3lJQ+jUGkGjWE3hEFM0l5gOnBWS+H3qsex68s5cO52g+44vpGzhAt+42vwKg=="
      },
      "xunit.analyzers": {
        "type": "Transitive",
        "resolved": "1.18.0",
        "contentHash": "OtFMHN8yqIcYP9wcVIgJrq01AfTxijjAqVDy/WeQVSyrDC1RzBWeQPztL49DN2syXRah8TYnfvk035s7L95EZQ=="
      },
      "xunit.assert": {
        "type": "Transitive",
        "resolved": "2.9.3",
        "contentHash": "/Kq28fCE7MjOV42YLVRAJzRF0WmEqsmflm0cfpMjGtzQ2lR5mYVj1/i0Y8uDAOLczkL3/jArrwehfMD0YogMAA=="
      },
      "xunit.core": {
        "type": "Transitive",
        "resolved": "2.9.3",
        "contentHash": "BiAEvqGvyme19wE0wTKdADH+NloYqikiU0mcnmiNyXaF9HyHmE6sr/3DC5vnBkgsWaE6yPyWszKSPSApWdRVeQ==",
        "dependencies": {
          "xunit.extensibility.core": "[2.9.3]",
          "xunit.extensibility.execution": "[2.9.3]"
        }
      },
      "xunit.extensibility.core": {
        "type": "Transitive",
        "resolved": "2.9.3",
        "contentHash": "kf3si0YTn2a8J8eZNb+zFpwfoyvIrQ7ivNk5ZYA5yuYk1bEtMe4DxJ2CF/qsRgmEnDr7MnW1mxylBaHTZ4qErA==",
        "dependencies": {
          "xunit.abstractions": "2.0.3"
        }
      },
      "xunit.extensibility.execution": {
        "type": "Transitive",
        "resolved": "2.9.3",
        "contentHash": "yMb6vMESlSrE3Wfj7V6cjQ3S4TXdXpRqYeNEI3zsX31uTsGMJjEw6oD5F5u1cHnMptjhEECnmZSsPxB6ChZHDQ==",
        "dependencies": {
          "xunit.extensibility.core": "[2.9.3]"
        }
      },
      "dbaclientx.core": {
        "type": "Project"
      },
      "dbaclientx.sqlite": {
        "type": "Project",
        "dependencies": {
          "DBAClientX.Core": "[0.15.0, )",
          "Microsoft.Data.Sqlite": "[10.0.10, )",
          "SQLitePCLRaw.bundle_e_sqlite3": "[3.0.5, )",
          "SQLitePCLRaw.core": "[3.0.5, )"
        }
      },
      "powerforge": {
        "type": "Project",
        "dependencies": {
          "NuGet.Configuration": "[7.6.0, )",
          "System.IO.Packaging": "[10.0.10, )",
          "System.Reflection.MetadataLoadContext": "[8.0.1, )",
          "System.Security.Cryptography.ProtectedData": "[10.0.10, )"
        }
      },
      "powerforgestudio.domain": {
        "type": "Project"
      },
      "powerforgestudio.orchestrator": {
        "type": "Project",
        "dependencies": {
          "DBAClientX.Core": "[0.15.0, )",
          "DBAClientX.SQLite": "[0.13.0, )",
          "Microsoft.Data.Sqlite": "[10.0.10, )",
          "PowerForge": "[3.0.99, )",
          "PowerForgeStudio.Domain": "[1.0.0, )"
        }
      },
      "powerforgestudio.wpf": {
        "type": "Project",
        "dependencies": {
          "Microsoft.Web.WebView2": "[1.0.*, )",
          "OfficeIMO.MarkdownRenderer.Wpf": "[3.0.3, )",
          "PowerForgeStudio.Domain": "[1.0.0, )",
          "PowerForgeStudio.Orchestrator": "[1.0.0, )"
        }
      }
    }
  }
}