{
  "version": 1,
  "dependencies": {
    "net8.0": {
      "Microsoft.PowerShell.SDK": {
        "type": "Direct",
        "requested": "[7.6.4, )",
        "resolved": "7.6.4",
        "contentHash": "Y5ukaHRXMpC3Y9rd3kq/6cUn9QLnqxJddOkJRrkBeb9S6L3kQG9757ldkK7b+L1SySm9fR0K9VhMyjKUgGanPQ=="
      },
      "System.Security.Cryptography.Xml": {
        "type": "Direct",
        "requested": "[10.0.11, )",
        "resolved": "10.0.11",
        "contentHash": "TokfVsaU2fmcwvsU6ihLCkseVfwhLX6Tmbl3qh3nOBIqHSX4yqFllpslA+PuHERH/ENu3kwqo4deZiyT0Wvh3Q==",
        "dependencies": {
          "Microsoft.Bcl.Cryptography": "10.0.11",
          "System.Security.Cryptography.Pkcs": "10.0.11"
        }
      },
      "Microsoft.Bcl.Cryptography": {
        "type": "Transitive",
        "resolved": "10.0.11",
        "contentHash": "7foJyHT7LbitR/l0BGJ2T86U6cULoc0P6mc+/Ih1Hj1nPOL8Wh2qc1DF4rn2sUzlcJH4tZ8M2A75/Xqrce2QGg==",
        "dependencies": {
          "System.Formats.Asn1": "10.0.11"
        }
      },
      "Newtonsoft.Json": {
        "type": "Transitive",
        "resolved": "13.0.3",
        "contentHash": "HrC5BXdl00IP9zeV+0Z848QWPAoCr9P3bDEZguI+gkLcBKAOxix/tLEAAHC+UvDNPv4a2d18lOReHMOagPa+zQ=="
      },
      "NuGet.Common": {
        "type": "Transitive",
        "resolved": "7.9.0",
        "contentHash": "OWFEzHpwvgzSaHYmWzfbyTm6oBOy/BFSFEDk73zM9jiJaxdopYZ/DrqIQogaM3F+ZGTppBJffmzu5adetEI/YA==",
        "dependencies": {
          "NuGet.Frameworks": "7.9.0"
        }
      },
      "NuGet.Configuration": {
        "type": "Transitive",
        "resolved": "7.9.0",
        "contentHash": "oY9XZp+TWjOmiGmU4R4JWBRY3F4TAVo7tqPr/z7MOsFcEpdYHMryjNSscoLBxUTR3WmFmYgO0Gvu4eRbz6pzOg==",
        "dependencies": {
          "NuGet.Common": "7.9.0",
          "System.Security.Cryptography.ProtectedData": "8.0.0"
        }
      },
      "NuGet.Frameworks": {
        "type": "Transitive",
        "resolved": "7.9.0",
        "contentHash": "w2adPmgUafmW9ON1MzDjuHmViN0vtiPV48Dz3OE6px8BiGSqrnWHOjwFEPOEPAZx20J1c7bxp90Hxo9l4xGWtw=="
      },
      "NuGet.Packaging": {
        "type": "Transitive",
        "resolved": "7.9.0",
        "contentHash": "Q2jxuud5kJLV0rUzsC02iC5ts8QsQu9UVyMvF8lULY3TwHL/W/PrnQ9bQFvMR7jJkzF1uilRPI1o+7VOtc2XMg==",
        "dependencies": {
          "Newtonsoft.Json": "13.0.3",
          "NuGet.Configuration": "7.9.0",
          "NuGet.Versioning": "7.9.0",
          "System.Security.Cryptography.Pkcs": "8.0.1"
        }
      },
      "NuGet.Versioning": {
        "type": "Transitive",
        "resolved": "7.9.0",
        "contentHash": "r4sZuVpVqwSBLe4qYDrnpScqdyctlRXg0HSF5OoCGkeBc8b+o8BBYHuI/u1RoWYX78PbieijU13TBt71/Xf3lw=="
      },
      "System.Collections.Immutable": {
        "type": "Transitive",
        "resolved": "10.0.11",
        "contentHash": "BQY956wwWSjRDoOspL6L1JscbFoSgJK606mO3PYalBHIZRV+Sc2xokvR/NHLlpUEfju6EbW5GbKbNpVYQ65cLw=="
      },
      "System.Formats.Asn1": {
        "type": "Transitive",
        "resolved": "10.0.11",
        "contentHash": "OxAZMMykBaKsD+r2jXujE0f/ldcRfwsfLDXOZRI7iOAPNwfwIwwnj8HCR0NdEP7oxH8PKQs/pqseNcRwFx3BVQ=="
      },
      "System.IO.Packaging": {
        "type": "Transitive",
        "resolved": "10.0.11",
        "contentHash": "y74NfbISp+FLjGdsaTi23Oe3xxPPwCeEMWdUlkujE23lQH5Un6gU4tWmQZ6kI1CFW7IsB1Ii045Ay7lMeoMHqA=="
      },
      "System.Reflection.Metadata": {
        "type": "Transitive",
        "resolved": "10.0.11",
        "contentHash": "ayYHfHtraz6Z6kFQrlTVJ4lV8jG11noHfu6fWAdeP6I6coGCym14V06jZApgk/9c74HoP8Wmcpxd1NokbKFdbQ==",
        "dependencies": {
          "System.Collections.Immutable": "10.0.11"
        }
      },
      "System.Reflection.MetadataLoadContext": {
        "type": "Transitive",
        "resolved": "10.0.11",
        "contentHash": "NbsfNbQ7E6aRhBtogseM6dGWwUgrgyska+CXnlsIEgJNmgGh1s8ps8fKDMSgwE6hMIsU3TP8BKfRlvOOSpxV+g==",
        "dependencies": {
          "System.Collections.Immutable": "10.0.11",
          "System.Reflection.Metadata": "10.0.11"
        }
      },
      "System.Security.Cryptography.Pkcs": {
        "type": "Transitive",
        "resolved": "10.0.11",
        "contentHash": "8IV+rI3xN/Mkq9MsSX7VZTv9T9Wt+tyhHLwBX9VNZBk8m8kknEs1JeTSjI2x9M2L/fSja+c2WSE5n5Yy0GXdoQ==",
        "dependencies": {
          "Microsoft.Bcl.Cryptography": "10.0.11",
          "System.Formats.Asn1": "10.0.11"
        }
      },
      "System.Security.Cryptography.ProtectedData": {
        "type": "Transitive",
        "resolved": "10.0.11",
        "contentHash": "PNoxCTPb+Tlux+GJyq4c89ddYdpioVSqfGx8pqOF6shCSKwUNNctXhQtRkCICjbJmGrJJsW8NY52kVYO/b8mlQ=="
      },
      "VirusTotalAnalyzer": {
        "type": "Transitive",
        "resolved": "1.0.0",
        "contentHash": "sg2uLSJS37PyZenldT55a+B93ct2bvz3653uU0FwFtv1v3bcrG453O7/n1hcSp9DO4burBNIyEu00O8ZWHptNQ=="
      },
      "powerforge": {
        "type": "Project",
        "dependencies": {
          "NuGet.Configuration": "[7.9.0, )",
          "NuGet.Packaging": "[7.9.0, )",
          "System.IO.Packaging": "[10.0.11, )",
          "System.Reflection.MetadataLoadContext": "[10.0.11, )",
          "System.Security.Cryptography.Pkcs": "[10.0.11, )",
          "System.Security.Cryptography.ProtectedData": "[10.0.11, )",
          "VirusTotalAnalyzer": "[1.0.0, )"
        }
      }
    }
  }
}