{
  "version": 1,
  "dependencies": {
    "net8.0": {
      "Microsoft.PowerShell.SDK": {
        "type": "Direct",
        "requested": "[7.6.4, )",
        "resolved": "7.6.4",
        "contentHash": "Y5ukaHRXMpC3Y9rd3kq/6cUn9QLnqxJddOkJRrkBeb9S6L3kQG9757ldkK7b+L1SySm9fR0K9VhMyjKUgGanPQ=="
      },
      "System.Security.Cryptography.Xml": {
        "type": "Direct",
        "requested": "[10.0.10, )",
        "resolved": "10.0.10",
        "contentHash": "Mz6Y+s+uMQKj1H2BUF0OhlmaOQkLgSG34/IrUaBDirYBQ6bgwcFvO/XtXWcoDlBLFoFB0uKqDNhybHOd+fQK1A==",
        "dependencies": {
          "Microsoft.Bcl.Cryptography": "10.0.10",
          "System.Security.Cryptography.Pkcs": "10.0.10"
        }
      },
      "Microsoft.Bcl.Cryptography": {
        "type": "Transitive",
        "resolved": "10.0.10",
        "contentHash": "Qdx/MB+kxJoPIWZ0PpKpGSj8C02oaGXgue59HixUX/vinLsBIDYTX3RNW8mj9fBCeCmCp5+28KojlvI1N9hQPw==",
        "dependencies": {
          "System.Formats.Asn1": "10.0.10"
        }
      },
      "NuGet.Common": {
        "type": "Transitive",
        "resolved": "7.6.0",
        "contentHash": "uyXLqkbbZmkMvdHOR23l1EHW2hRmULtzoG3Ocj84VpGptnNfkODVboHGJfDfcn9Gi9oUNDs8/VjL4FZcST6zVg==",
        "dependencies": {
          "NuGet.Frameworks": "7.6.0"
        }
      },
      "NuGet.Configuration": {
        "type": "Transitive",
        "resolved": "7.6.0",
        "contentHash": "+bNj+YneC5CNg1vR+WZjLAakscJlsi0KhADZUgIJPn4pwh8/jeCUMC5ik5cpET/i+QOplDy7aJVTGkpdfrlPww==",
        "dependencies": {
          "NuGet.Common": "7.6.0",
          "System.Security.Cryptography.ProtectedData": "8.0.0"
        }
      },
      "NuGet.Frameworks": {
        "type": "Transitive",
        "resolved": "7.6.0",
        "contentHash": "rJ7QtKN45XzLXCrMATve6eFLiUyUGEkA1rFSb6U6Fw6laM4hEAcKOrcdbgWlcFUlCK2158qP1LF00hg/ivF3nw=="
      },
      "System.Collections.Immutable": {
        "type": "Transitive",
        "resolved": "10.0.10",
        "contentHash": "Ih5zrydoDc1H5I0eNP6f4Lzw3cjsPMN4Nikd86kbyi66y0flkM9GfjVo62aUbcxeTbypzBCFAFQ+/6RF2jRORg=="
      },
      "System.Formats.Asn1": {
        "type": "Transitive",
        "resolved": "10.0.10",
        "contentHash": "Lt7KTFei7vmp/+JtTCLB3D3MNDFIfyFl9zETGtKFuoeaThNeHCyE7sJTZ10wfwHbd2z0rW72fjIpNXPkxEObaA=="
      },
      "System.IO.Packaging": {
        "type": "Transitive",
        "resolved": "10.0.10",
        "contentHash": "SZT8XZ8Tktdnhaq5eWOJWN0VBczFZ7l6K5C5ykbaQFXZ0Uv8UBJwQcYUM1NVk5pKAmPlHnancMh33jF6IKnUrg=="
      },
      "System.Reflection.Metadata": {
        "type": "Transitive",
        "resolved": "10.0.10",
        "contentHash": "NZIS6/IUBh70nJfVvE577oDc81y5GfYRgjWssC8AGpSlVzSu5YfbHXEtHXyLeEY7gqqbAaASwJEP0Oy3Q54Jfw==",
        "dependencies": {
          "System.Collections.Immutable": "10.0.10"
        }
      },
      "System.Reflection.MetadataLoadContext": {
        "type": "Transitive",
        "resolved": "10.0.10",
        "contentHash": "7f8JfUA85nD2yOrTX9fhuHPp8P01qqnbGTtRiMK6rwNhS1jNLqoCJfdzLMOIZY8b9sBoAX3eOH04k1fWeCgOYQ==",
        "dependencies": {
          "System.Collections.Immutable": "10.0.10",
          "System.Reflection.Metadata": "10.0.10"
        }
      },
      "System.Security.Cryptography.Pkcs": {
        "type": "Transitive",
        "resolved": "10.0.10",
        "contentHash": "KG8t5RHczdgB3IWvRndpI0nE1DSo7ikDYSDbITxfgRFyIvnYiKzuPjaZOsPnwFQ1aOGUl9sEulJul9wlHLEUoA==",
        "dependencies": {
          "Microsoft.Bcl.Cryptography": "10.0.10",
          "System.Formats.Asn1": "10.0.10"
        }
      },
      "System.Security.Cryptography.ProtectedData": {
        "type": "Transitive",
        "resolved": "10.0.10",
        "contentHash": "BKt0SQgq2lq3ESE68jkeLwv95ypANrPDtkTOIFGcnhg2aRUeUUBDrQlkVDZctrg1WenVcvn5P5XZnuYI7q6rFQ=="
      },
      "powerforge": {
        "type": "Project",
        "dependencies": {
          "NuGet.Configuration": "[7.6.0, )",
          "System.IO.Packaging": "[10.0.10, )",
          "System.Reflection.MetadataLoadContext": "[10.0.10, )",
          "System.Security.Cryptography.ProtectedData": "[10.0.10, )"
        }
      }
    }
  }
}