{
  "version": 1,
  "dependencies": {
    "net10.0": {
      "HtmlTinkerX": {
        "type": "Direct",
        "requested": "[2.0.6, )",
        "resolved": "2.0.6",
        "contentHash": "k24lWOWBYcoqgPbb8I1s+ldp5pEjAGRu/ixrpFzrPHNKCpTVBwDqg6hfcCCqZK2Wn60/XCSdAzThjo3iVSD4XQ==",
        "dependencies": {
          "AngleSharp": "1.4.0",
          "AngleSharp.Css": "1.0.0-beta.154",
          "AngleSharp.Diffing": "1.1.0",
          "AngleSharp.Js": "1.0.0-beta.45",
          "HtmlAgilityPack": "1.12.4",
          "Microsoft.Playwright": "1.56.0",
          "NUglify": "1.21.17",
          "PreMailer.Net": "2.7.2",
          "SixLabors.Fonts": "1.0.1",
          "SixLabors.ImageSharp": "2.1.12",
          "SixLabors.ImageSharp.Drawing": "1.0.0"
        }
      },
      "Magick.NET-Q8-AnyCPU": {
        "type": "Direct",
        "requested": "[14.11.1, )",
        "resolved": "14.11.1",
        "contentHash": "okzVwr299MM6vq2L+YR51ywoXITr3Ewiu6FXsBEj3egKQ0XJI1fn5E2WiBAnxAhlPnvnUE2pdeNvj6IBdmOjKA==",
        "dependencies": {
          "Magick.NET.Core": "14.11.1"
        }
      },
      "OfficeIMO.Markdown": {
        "type": "Direct",
        "requested": "[0.5.2, )",
        "resolved": "0.5.2",
        "contentHash": "+IS8x7YBs89NEHaJ9z+1ayVrfb1y0Z3xGVeNCK5eu9EmUd2CWtppBwn8RUmn7x95EurfJR1oxv2/UuwnGONV0A=="
      },
      "Scriban": {
        "type": "Direct",
        "requested": "[7.0.0, )",
        "resolved": "7.0.0",
        "contentHash": "Y4/BGU/c2TjvGUfMBm5jZfPjHe8B4dk8ej72Vsy+nTsRCb/TNqZ1PdGQnV+04p7RJ85UiM4ni2Dx2F7yKOORNw=="
      },
      "YamlDotNet": {
        "type": "Direct",
        "requested": "[15.1.2, )",
        "resolved": "15.1.2",
        "contentHash": "qeX0XhzOIcQEvnI5JxnPaIwcINwyY4Qy/LXhSfsdHkFrl9F41AT52UFfy2nIE7kgrhMg+cP7xuS+GtPJhmHmTA=="
      },
      "Acornima": {
        "type": "Transitive",
        "resolved": "1.1.0",
        "contentHash": "MFK/GNp09PF8H6uSkAZght553TddOejD9P1InvKWlGw6ILhmZjI+Y2xiIjGoJ73sbkeZzxwnCWZioK5Wed/J2g=="
      },
      "AngleSharp": {
        "type": "Transitive",
        "resolved": "1.4.0",
        "contentHash": "6ph8mpaQx0KL0COYRt0kI8MB9gSp1PtKijKMhJU//+aVFgKAJLKDesG/+26JSaVCOrHNgPf12wpfoyRcMYOeXg=="
      },
      "AngleSharp.Css": {
        "type": "Transitive",
        "resolved": "1.0.0-beta.154",
        "contentHash": "7yH76dsNxdHPer5jXhc/TaBU1A1X3Um2gaffTbg6gFDkT+xceUpmJjXXxBpRk88J56dCn4I1OkWlWXmXUagYgg==",
        "dependencies": {
          "AngleSharp": "[1.0.0, 2.0.0)"
        }
      },
      "AngleSharp.Diffing": {
        "type": "Transitive",
        "resolved": "1.1.0",
        "contentHash": "+oiQT20j+eTVlxz8/90uFk8LQJyywDOxU31YNBY39QN94DpIJ4mBEXwpu4V1GMWhbee8C1lJhN4hRob0MFzCsg==",
        "dependencies": {
          "AngleSharp": "1.1.2",
          "AngleSharp.Css": "1.0.0-beta.144"
        }
      },
      "AngleSharp.Js": {
        "type": "Transitive",
        "resolved": "1.0.0-beta.45",
        "contentHash": "eE4biz3hivsFLgTCyVAJIMD/OFHyYaFgyroj1El4DULePzAOnkcW3ZKrex3mNbOHuu1HHI6qtuaalP2ulZy7Kw==",
        "dependencies": {
          "AngleSharp": "[1.0.0, 2.0.0)",
          "Jint": "[4.0.0, 5.0.0)"
        }
      },
      "HtmlAgilityPack": {
        "type": "Transitive",
        "resolved": "1.12.4",
        "contentHash": "ljqvBabvFwKoLniuoQKO8b5bJfJweKLs4fUNS/V5dsvpo0A8MlJqxxn9XVmP2DaskbUXty6IYaWAi1SArGIMeQ=="
      },
      "Jint": {
        "type": "Transitive",
        "resolved": "4.0.0",
        "contentHash": "chpNLF6dnc6sZgMo2eGgbE5rSNMYNP+vr6FAPVg+B8Rb5XwNxEd6VTkWXqZ7g9hCXqyWHkGt0HyQyP7MsfkIWQ==",
        "dependencies": {
          "Acornima": "1.1.0"
        }
      },
      "Magick.NET.Core": {
        "type": "Transitive",
        "resolved": "14.11.1",
        "contentHash": "e9ejYUe6+GgbB6KBOpMp0jVDS72u0siDBz0RKSjBAEIZcigKDXDsOcoPLmLJJJqhorx3C4soRak2hCL/gaKdcg=="
      },
      "Microsoft.Bcl.AsyncInterfaces": {
        "type": "Transitive",
        "resolved": "6.0.0",
        "contentHash": "UcSjPsst+DfAdJGVDsu346FX0ci0ah+lw3WRtn18NUwEqRt70HaOQ7lI72vy3+1LxtqI3T5GWwV39rQSrCzAeg=="
      },
      "Microsoft.Playwright": {
        "type": "Transitive",
        "resolved": "1.56.0",
        "contentHash": "DswyjEbhkTkQSyGnx2x1xhzwAztu/ckfOPZsT/fCA0HZVGdLkEWmf2u1FmUBWdT61do02VoMzp0dvA+oq7hKDg==",
        "dependencies": {
          "Microsoft.Bcl.AsyncInterfaces": "6.0.0",
          "System.ComponentModel.Annotations": "5.0.0"
        }
      },
      "NUglify": {
        "type": "Transitive",
        "resolved": "1.21.17",
        "contentHash": "K2ywYpoPEvU3+Ooq6wxz+FJOkmbDeoE41q/sJZWv9tI7qbTmH2A5R0E4hWzruvl/9pnUhqwbu1mxT06C45D0ZQ=="
      },
      "PreMailer.Net": {
        "type": "Transitive",
        "resolved": "2.7.2",
        "contentHash": "OeN00ZA9ycJSSD4ZcjbWn5aJpJ+OfrAM3ti+9VI9Mc+o90QnWayPCU7PszopLa91lxKrL9ZnIcG33AAd5dypLA==",
        "dependencies": {
          "AngleSharp": "1.1.0"
        }
      },
      "SixLabors.Fonts": {
        "type": "Transitive",
        "resolved": "1.0.1",
        "contentHash": "ljezRHWc7N0azdQViib7Aa5v+DagRVkKI2/93kEbtjVczLs+yTkSq6gtGmvOcx4IqyNbO3GjLt7SAQTpLkySNw=="
      },
      "SixLabors.ImageSharp": {
        "type": "Transitive",
        "resolved": "2.1.12",
        "contentHash": "sOPntN0hxC3Rh2xraF06VHa4kdLPmQXYZ9uVckScldUAGg+MBd03yKUIZUaV4JeG9QhGxGzpASORX2jACpxJaA=="
      },
      "SixLabors.ImageSharp.Drawing": {
        "type": "Transitive",
        "resolved": "1.0.0",
        "contentHash": "02z/+BESLiV/dn8NV+9+DkK9X6R2UmcwR8AVytupvwKa0EPVqYyx8zh+PpksqSjpibDVnVMXlq3OaMCDeDrEug==",
        "dependencies": {
          "SixLabors.Fonts": "1.0.0",
          "SixLabors.ImageSharp": "2.1.5"
        }
      },
      "System.ComponentModel.Annotations": {
        "type": "Transitive",
        "resolved": "5.0.0",
        "contentHash": "dMkqfy2el8A8/I76n2Hi1oBFEbG1SfxD2l5nhwXV3XjlnOmwxJlQbYpJH4W51odnU9sARCSAgv7S3CyAFMkpYg=="
      },
      "System.IO.Packaging": {
        "type": "Transitive",
        "resolved": "10.0.1",
        "contentHash": "KGS+cdplxa0R6cRQdVMRQRdnU8aY5UcUwDLyRJVHgOAstUnpF726xOYeaW3OxtkHcnfsijO0LfDjT4kDgvYn9A=="
      },
      "System.Reflection.MetadataLoadContext": {
        "type": "Transitive",
        "resolved": "8.0.0",
        "contentHash": "SZxrQ4sQYnIcdwiO3G/lHZopbPYQ2lW0ioT4JezgccWUrKaKbHLJbAGZaDfkYjWcta1pWssAo3MOXLsR0ie4tQ=="
      },
      "powerforge": {
        "type": "Project",
        "dependencies": {
          "System.IO.Packaging": "[10.0.1, )",
          "System.Reflection.MetadataLoadContext": "[8.0.0, )"
        }
      }
    },
    "net8.0": {
      "HtmlTinkerX": {
        "type": "Direct",
        "requested": "[2.0.6, )",
        "resolved": "2.0.6",
        "contentHash": "k24lWOWBYcoqgPbb8I1s+ldp5pEjAGRu/ixrpFzrPHNKCpTVBwDqg6hfcCCqZK2Wn60/XCSdAzThjo3iVSD4XQ==",
        "dependencies": {
          "AngleSharp": "1.4.0",
          "AngleSharp.Css": "1.0.0-beta.154",
          "AngleSharp.Diffing": "1.1.0",
          "AngleSharp.Js": "1.0.0-beta.45",
          "HtmlAgilityPack": "1.12.4",
          "Microsoft.Playwright": "1.56.0",
          "NUglify": "1.21.17",
          "PreMailer.Net": "2.7.2",
          "SixLabors.Fonts": "1.0.1",
          "SixLabors.ImageSharp": "2.1.12",
          "SixLabors.ImageSharp.Drawing": "1.0.0"
        }
      },
      "Magick.NET-Q8-AnyCPU": {
        "type": "Direct",
        "requested": "[14.11.1, )",
        "resolved": "14.11.1",
        "contentHash": "okzVwr299MM6vq2L+YR51ywoXITr3Ewiu6FXsBEj3egKQ0XJI1fn5E2WiBAnxAhlPnvnUE2pdeNvj6IBdmOjKA==",
        "dependencies": {
          "Magick.NET.Core": "14.11.1"
        }
      },
      "OfficeIMO.Markdown": {
        "type": "Direct",
        "requested": "[0.5.2, )",
        "resolved": "0.5.2",
        "contentHash": "+IS8x7YBs89NEHaJ9z+1ayVrfb1y0Z3xGVeNCK5eu9EmUd2CWtppBwn8RUmn7x95EurfJR1oxv2/UuwnGONV0A=="
      },
      "Scriban": {
        "type": "Direct",
        "requested": "[7.0.0, )",
        "resolved": "7.0.0",
        "contentHash": "Y4/BGU/c2TjvGUfMBm5jZfPjHe8B4dk8ej72Vsy+nTsRCb/TNqZ1PdGQnV+04p7RJ85UiM4ni2Dx2F7yKOORNw=="
      },
      "YamlDotNet": {
        "type": "Direct",
        "requested": "[15.1.2, )",
        "resolved": "15.1.2",
        "contentHash": "qeX0XhzOIcQEvnI5JxnPaIwcINwyY4Qy/LXhSfsdHkFrl9F41AT52UFfy2nIE7kgrhMg+cP7xuS+GtPJhmHmTA=="
      },
      "Acornima": {
        "type": "Transitive",
        "resolved": "1.1.0",
        "contentHash": "MFK/GNp09PF8H6uSkAZght553TddOejD9P1InvKWlGw6ILhmZjI+Y2xiIjGoJ73sbkeZzxwnCWZioK5Wed/J2g=="
      },
      "AngleSharp": {
        "type": "Transitive",
        "resolved": "1.4.0",
        "contentHash": "6ph8mpaQx0KL0COYRt0kI8MB9gSp1PtKijKMhJU//+aVFgKAJLKDesG/+26JSaVCOrHNgPf12wpfoyRcMYOeXg=="
      },
      "AngleSharp.Css": {
        "type": "Transitive",
        "resolved": "1.0.0-beta.154",
        "contentHash": "7yH76dsNxdHPer5jXhc/TaBU1A1X3Um2gaffTbg6gFDkT+xceUpmJjXXxBpRk88J56dCn4I1OkWlWXmXUagYgg==",
        "dependencies": {
          "AngleSharp": "[1.0.0, 2.0.0)"
        }
      },
      "AngleSharp.Diffing": {
        "type": "Transitive",
        "resolved": "1.1.0",
        "contentHash": "+oiQT20j+eTVlxz8/90uFk8LQJyywDOxU31YNBY39QN94DpIJ4mBEXwpu4V1GMWhbee8C1lJhN4hRob0MFzCsg==",
        "dependencies": {
          "AngleSharp": "1.1.2",
          "AngleSharp.Css": "1.0.0-beta.144"
        }
      },
      "AngleSharp.Js": {
        "type": "Transitive",
        "resolved": "1.0.0-beta.45",
        "contentHash": "eE4biz3hivsFLgTCyVAJIMD/OFHyYaFgyroj1El4DULePzAOnkcW3ZKrex3mNbOHuu1HHI6qtuaalP2ulZy7Kw==",
        "dependencies": {
          "AngleSharp": "[1.0.0, 2.0.0)",
          "Jint": "[4.0.0, 5.0.0)"
        }
      },
      "HtmlAgilityPack": {
        "type": "Transitive",
        "resolved": "1.12.4",
        "contentHash": "ljqvBabvFwKoLniuoQKO8b5bJfJweKLs4fUNS/V5dsvpo0A8MlJqxxn9XVmP2DaskbUXty6IYaWAi1SArGIMeQ=="
      },
      "Jint": {
        "type": "Transitive",
        "resolved": "4.0.0",
        "contentHash": "chpNLF6dnc6sZgMo2eGgbE5rSNMYNP+vr6FAPVg+B8Rb5XwNxEd6VTkWXqZ7g9hCXqyWHkGt0HyQyP7MsfkIWQ==",
        "dependencies": {
          "Acornima": "1.1.0"
        }
      },
      "Magick.NET.Core": {
        "type": "Transitive",
        "resolved": "14.11.1",
        "contentHash": "e9ejYUe6+GgbB6KBOpMp0jVDS72u0siDBz0RKSjBAEIZcigKDXDsOcoPLmLJJJqhorx3C4soRak2hCL/gaKdcg=="
      },
      "Microsoft.Bcl.AsyncInterfaces": {
        "type": "Transitive",
        "resolved": "6.0.0",
        "contentHash": "UcSjPsst+DfAdJGVDsu346FX0ci0ah+lw3WRtn18NUwEqRt70HaOQ7lI72vy3+1LxtqI3T5GWwV39rQSrCzAeg=="
      },
      "Microsoft.Playwright": {
        "type": "Transitive",
        "resolved": "1.56.0",
        "contentHash": "DswyjEbhkTkQSyGnx2x1xhzwAztu/ckfOPZsT/fCA0HZVGdLkEWmf2u1FmUBWdT61do02VoMzp0dvA+oq7hKDg==",
        "dependencies": {
          "Microsoft.Bcl.AsyncInterfaces": "6.0.0"
        }
      },
      "NUglify": {
        "type": "Transitive",
        "resolved": "1.21.17",
        "contentHash": "K2ywYpoPEvU3+Ooq6wxz+FJOkmbDeoE41q/sJZWv9tI7qbTmH2A5R0E4hWzruvl/9pnUhqwbu1mxT06C45D0ZQ=="
      },
      "PreMailer.Net": {
        "type": "Transitive",
        "resolved": "2.7.2",
        "contentHash": "OeN00ZA9ycJSSD4ZcjbWn5aJpJ+OfrAM3ti+9VI9Mc+o90QnWayPCU7PszopLa91lxKrL9ZnIcG33AAd5dypLA==",
        "dependencies": {
          "AngleSharp": "1.1.0"
        }
      },
      "SixLabors.Fonts": {
        "type": "Transitive",
        "resolved": "1.0.1",
        "contentHash": "ljezRHWc7N0azdQViib7Aa5v+DagRVkKI2/93kEbtjVczLs+yTkSq6gtGmvOcx4IqyNbO3GjLt7SAQTpLkySNw=="
      },
      "SixLabors.ImageSharp": {
        "type": "Transitive",
        "resolved": "2.1.12",
        "contentHash": "sOPntN0hxC3Rh2xraF06VHa4kdLPmQXYZ9uVckScldUAGg+MBd03yKUIZUaV4JeG9QhGxGzpASORX2jACpxJaA=="
      },
      "SixLabors.ImageSharp.Drawing": {
        "type": "Transitive",
        "resolved": "1.0.0",
        "contentHash": "02z/+BESLiV/dn8NV+9+DkK9X6R2UmcwR8AVytupvwKa0EPVqYyx8zh+PpksqSjpibDVnVMXlq3OaMCDeDrEug==",
        "dependencies": {
          "SixLabors.Fonts": "1.0.0",
          "SixLabors.ImageSharp": "2.1.5"
        }
      },
      "System.IO.Packaging": {
        "type": "Transitive",
        "resolved": "8.0.1",
        "contentHash": "KYkIOAvPexQOLDxPO2g0BVoWInnQhPpkFzRqvNrNrMhVT6kqhVr0zEb6KCHlptLFukxnZrjuMVAnxK7pOGUYrw=="
      },
      "System.Reflection.MetadataLoadContext": {
        "type": "Transitive",
        "resolved": "8.0.0",
        "contentHash": "SZxrQ4sQYnIcdwiO3G/lHZopbPYQ2lW0ioT4JezgccWUrKaKbHLJbAGZaDfkYjWcta1pWssAo3MOXLsR0ie4tQ=="
      },
      "powerforge": {
        "type": "Project",
        "dependencies": {
          "System.IO.Packaging": "[8.0.1, )",
          "System.Reflection.MetadataLoadContext": "[8.0.0, )"
        }
      }
    }
  }
}