{
  "version": 1,
  "dependencies": {
    "net8.0": {
      "Google.Apis.Auth": {
        "type": "Direct",
        "requested": "[1.75.0, )",
        "resolved": "1.75.0",
        "contentHash": "hzuGwUBIQYdFkChXm62E5Suxe+q5PHt2uE5EunGBco2j01uQJGlUgzNujZvGHMlAIEHaytzhdn3v3v52ZPgv2Q==",
        "dependencies": {
          "Google.Apis": "1.75.0",
          "Google.Apis.Core": "1.75.0",
          "System.Management": "7.0.2"
        }
      },
      "HtmlTinkerX": {
        "type": "Direct",
        "requested": "[3.0.0, )",
        "resolved": "3.0.0",
        "contentHash": "3r0SvTxQOTlAg62Ckc+4vUdQ0MttCJpqbvubMVTW/yPOODmLpYb1ib574CJyPWbLSh6fCL9OrfbDXaRGZ5whqg==",
        "dependencies": {
          "AngleSharp": "1.7.1",
          "AngleSharp.Css": "1.0.1",
          "AngleSharp.Diffing": "1.1.1",
          "AngleSharp.Io": "1.1.0",
          "AngleSharp.Js": "1.0.1",
          "ChartForgeX": "1.4.0",
          "HtmlAgilityPack": "1.12.4",
          "Jint": "4.15.3",
          "Microsoft.Playwright": "1.61.0",
          "NUglify": "1.22.3",
          "OfficeIMO.Html": "3.2.0",
          "OfficeIMO.Markdown.Html": "3.2.0",
          "PreMailer.Net": "2.7.3"
        }
      },
      "Magick.NET-Q8-AnyCPU": {
        "type": "Direct",
        "requested": "[14.16.0, )",
        "resolved": "14.16.0",
        "contentHash": "mV5igNia0VyUtRAmqUpI/ZBEL78+0A+JxPoOs7clwlZEvPCsvk+uF0hLl10zaFYmH5I8BaqVpI2+R+td1bbNrg==",
        "dependencies": {
          "Magick.NET.Core": "14.16.0"
        }
      },
      "OfficeIMO.Markdown": {
        "type": "Direct",
        "requested": "[3.2.2, )",
        "resolved": "3.2.2",
        "contentHash": "KtlS5Vg0znlcyjiuA6wEeCT6QL/7vpgSgCgQ24SFCq5EM+u119TJiFnGf/bzlb3u3sWeBjh41v8yMhNR4j6dgA==",
        "dependencies": {
          "OfficeIMO.Core": "3.2.2"
        }
      },
      "Scriban": {
        "type": "Direct",
        "requested": "[7.2.6, )",
        "resolved": "7.2.6",
        "contentHash": "k6DvaRY83jtigNudMoYlN5Zg42JEDDOCSeKrnpHiE5Gthkd9Fr+6VnYFnL3DqtkZTtPezJJdoX3ZfOTTFpQEMg=="
      },
      "YamlDotNet": {
        "type": "Direct",
        "requested": "[18.1.0, )",
        "resolved": "18.1.0",
        "contentHash": "5K+9KFg2TdTl7VXv88Qzi/0lqK6JFoNP3lRuImPYGRV7K/QYklDyTrj4+A+KAki1JsQi6qKY+hDyY7d6WRqjrw=="
      },
      "Acornima": {
        "type": "Transitive",
        "resolved": "1.6.2",
        "contentHash": "laakpDHzMwHr5C8+q5RlRf0XJJshUvghNeo4xDerICrYR3iEuGvwfpauCmXuU3RE437XDaQO5ZxieWDpADuD+w=="
      },
      "AngleSharp": {
        "type": "Transitive",
        "resolved": "1.7.1",
        "contentHash": "QBblGpRB3SYD66Mls7fHyl1mWkP93n7ErWDWHc1vd9sPHhdlTkmUoY3CjgfjcWNxGF9m7xjNyztRfErXqoBKOA=="
      },
      "AngleSharp.Css": {
        "type": "Transitive",
        "resolved": "1.0.1",
        "contentHash": "6S13xNHH+SUGPZd6EO1MhkuDbpEnFroUM6A8DZpLJHQnLRTvtBJb3Ydu65s618E4gWF9FSWmM5jhKk4RIfwT2A==",
        "dependencies": {
          "AngleSharp": "[1.5.0, 2.0.0)"
        }
      },
      "AngleSharp.Diffing": {
        "type": "Transitive",
        "resolved": "1.1.1",
        "contentHash": "Uzz5895TpRyMA4t8GExmq4TxXqi3+bZTgb3kJgH+tdwrSuo9CO6Dlmv+Oqyhb2pNRfbnReLUzhlHAuT7c+3jSg==",
        "dependencies": {
          "AngleSharp": "1.1.2",
          "AngleSharp.Css": "1.0.0-beta.144"
        }
      },
      "AngleSharp.Io": {
        "type": "Transitive",
        "resolved": "1.1.0",
        "contentHash": "rvafXW1tmOT1b74PaNlYQmYUAFAWJTRRE0lVKXcQaEg38R2K5aP5kXPmq0GYA1pPYaeH3PgBvX+K4NEBxp/5Sw==",
        "dependencies": {
          "AngleSharp": "[1.5.0, 2.0.0)"
        }
      },
      "AngleSharp.Js": {
        "type": "Transitive",
        "resolved": "1.0.1",
        "contentHash": "8zDsLICrrBFLHPhNyrf8Z+DHfUvBNilnONv1TsbWE4nul/Cfl6svW882Dm3v6pjzFHVKkYqwoPQBKZ0QHSQ60Q==",
        "dependencies": {
          "AngleSharp": "[1.5.0, 2.0.0)",
          "Jint": "[4.15.3, 5.0.0)"
        }
      },
      "ChartForgeX": {
        "type": "Transitive",
        "resolved": "1.4.0",
        "contentHash": "a0YeD+wSLYJN5yu5+qCbOnpkLMcTL+PpFLLYU1hFJQ/5e/oCxyYpii29hPETkVCQKmcj9Bj1xNSV+cw54hQTdQ=="
      },
      "Google.Apis": {
        "type": "Transitive",
        "resolved": "1.75.0",
        "contentHash": "ZqODi2IvyTBezeGztemXv6U/+VinyqxxPiyoW2CZbzIrUp+a35Rt5tzUjXHPXK9nA1YQi/w8ABpYQpBm31ditw==",
        "dependencies": {
          "Google.Apis.Core": "1.75.0"
        }
      },
      "Google.Apis.Core": {
        "type": "Transitive",
        "resolved": "1.75.0",
        "contentHash": "7AuI44XP4LzMFiOjdk4GCtCxJTIWZcjrXLeGjLYYSpTHHbiPkvm76XNym7zPOnD90sIg+zdTulg+I6D5W5spTQ==",
        "dependencies": {
          "Newtonsoft.Json": "13.0.4"
        }
      },
      "HtmlAgilityPack": {
        "type": "Transitive",
        "resolved": "1.12.4",
        "contentHash": "ljqvBabvFwKoLniuoQKO8b5bJfJweKLs4fUNS/V5dsvpo0A8MlJqxxn9XVmP2DaskbUXty6IYaWAi1SArGIMeQ=="
      },
      "Jint": {
        "type": "Transitive",
        "resolved": "4.15.3",
        "contentHash": "xP7REb8EajnVlXvI0VdQx2PD/ddLZBjkR/vzQW9GYwm+GzvD181MgWqJvcTtV0xHViyRngHxSiDu1WGdkoluNA==",
        "dependencies": {
          "Acornima": "1.6.2"
        }
      },
      "Magick.NET.Core": {
        "type": "Transitive",
        "resolved": "14.16.0",
        "contentHash": "ddBX/Zb0sCsX4agqHdHeqUx+grfw8I7GFU+lgut3mtNl7roxbxemSQFGLIJXtzwPuAHxbaMtkXA+ijVl02EUhQ=="
      },
      "Microsoft.Bcl.AsyncInterfaces": {
        "type": "Transitive",
        "resolved": "6.0.0",
        "contentHash": "UcSjPsst+DfAdJGVDsu346FX0ci0ah+lw3WRtn18NUwEqRt70HaOQ7lI72vy3+1LxtqI3T5GWwV39rQSrCzAeg=="
      },
      "Microsoft.Bcl.Cryptography": {
        "type": "Transitive",
        "resolved": "10.0.11",
        "contentHash": "7foJyHT7LbitR/l0BGJ2T86U6cULoc0P6mc+/Ih1Hj1nPOL8Wh2qc1DF4rn2sUzlcJH4tZ8M2A75/Xqrce2QGg==",
        "dependencies": {
          "System.Formats.Asn1": "10.0.11"
        }
      },
      "Microsoft.Playwright": {
        "type": "Transitive",
        "resolved": "1.61.0",
        "contentHash": "VM149rQ2Pu+3xAzrO2gvh2WRgrWNbIl0jL9LG2oMC9xKUVYDnUrsh+E/5S+NQToVV4S+yhZ3NHsa6kf1PdHeag==",
        "dependencies": {
          "Microsoft.Bcl.AsyncInterfaces": "6.0.0",
          "System.ComponentModel.Annotations": "5.0.0",
          "System.Text.Json": "6.0.10"
        }
      },
      "Newtonsoft.Json": {
        "type": "Transitive",
        "resolved": "13.0.4",
        "contentHash": "pdgNNMai3zv51W5aq268sujXUyx7SNdE2bj1wZcWjAQrKMFZV260lbqYop1d2GM67JI1huLRwxo9ZqnfF/lC6A=="
      },
      "NuGet.Common": {
        "type": "Transitive",
        "resolved": "7.9.0",
        "contentHash": "OWFEzHpwvgzSaHYmWzfbyTm6oBOy/BFSFEDk73zM9jiJaxdopYZ/DrqIQogaM3F+ZGTppBJffmzu5adetEI/YA==",
        "dependencies": {
          "NuGet.Frameworks": "7.9.0"
        }
      },
      "NuGet.Configuration": {
        "type": "Transitive",
        "resolved": "7.9.0",
        "contentHash": "oY9XZp+TWjOmiGmU4R4JWBRY3F4TAVo7tqPr/z7MOsFcEpdYHMryjNSscoLBxUTR3WmFmYgO0Gvu4eRbz6pzOg==",
        "dependencies": {
          "NuGet.Common": "7.9.0",
          "System.Security.Cryptography.ProtectedData": "8.0.0"
        }
      },
      "NuGet.Frameworks": {
        "type": "Transitive",
        "resolved": "7.9.0",
        "contentHash": "w2adPmgUafmW9ON1MzDjuHmViN0vtiPV48Dz3OE6px8BiGSqrnWHOjwFEPOEPAZx20J1c7bxp90Hxo9l4xGWtw=="
      },
      "NuGet.Packaging": {
        "type": "Transitive",
        "resolved": "7.9.0",
        "contentHash": "Q2jxuud5kJLV0rUzsC02iC5ts8QsQu9UVyMvF8lULY3TwHL/W/PrnQ9bQFvMR7jJkzF1uilRPI1o+7VOtc2XMg==",
        "dependencies": {
          "Newtonsoft.Json": "13.0.3",
          "NuGet.Configuration": "7.9.0",
          "NuGet.Versioning": "7.9.0",
          "System.Security.Cryptography.Pkcs": "8.0.1"
        }
      },
      "NuGet.Versioning": {
        "type": "Transitive",
        "resolved": "7.9.0",
        "contentHash": "r4sZuVpVqwSBLe4qYDrnpScqdyctlRXg0HSF5OoCGkeBc8b+o8BBYHuI/u1RoWYX78PbieijU13TBt71/Xf3lw=="
      },
      "NUglify": {
        "type": "Transitive",
        "resolved": "1.22.3",
        "contentHash": "JVrw7wZClUNO9Djp+5dZdu9VFkPVQy4nGPip8y2wLV2BL0v6EZluj6xpdEXTPBETDKw5X+vDQ0J+yjVDeuH1bw=="
      },
      "OfficeIMO.Core": {
        "type": "Transitive",
        "resolved": "3.2.2",
        "contentHash": "mMU5WpBZq6uUo36Cm8PkYJU+vdpEzY6alKxhI2FlsdsrrCvLCOi9jSNSOEcFQWYYJM2NR95TYSB3M8RGv4jFEA=="
      },
      "OfficeIMO.Html": {
        "type": "Transitive",
        "resolved": "3.2.0",
        "contentHash": "LlHGb2cJJ/1AIAPAGHNFkMcZgeVw6DG8ILOdwHugnLib9gGuBQ3VTUi9ylVJ3cjyNkBjXQBn4M2qC5lNYdZrGg==",
        "dependencies": {
          "AngleSharp": "1.5.2",
          "AngleSharp.Css": "1.0.0-beta.216",
          "OfficeIMO.Core": "3.2.0"
        }
      },
      "OfficeIMO.Markdown.Html": {
        "type": "Transitive",
        "resolved": "3.2.0",
        "contentHash": "3eqYPKo2+bStLGZk7vFpeU5gDM7CE4ceuBjXv6CrMfsa6Up9UeK5wJLAeuT/fj4IS8VXbPv0aUTiFYbeXsSK4A==",
        "dependencies": {
          "OfficeIMO.Html": "3.2.0",
          "OfficeIMO.Markdown": "3.2.0"
        }
      },
      "PreMailer.Net": {
        "type": "Transitive",
        "resolved": "2.7.3",
        "contentHash": "p6LB7Qu4ZsPmjiFtWmytiERhopuGxq3Ql/SVuOZueGzfrDNvvSi8sGaDVHVvJt0S+RCHU422TWLu2aMXDE9ejg==",
        "dependencies": {
          "AngleSharp": "1.5.1"
        }
      },
      "System.CodeDom": {
        "type": "Transitive",
        "resolved": "7.0.0",
        "contentHash": "GLltyqEsE5/3IE+zYRP5sNa1l44qKl9v+bfdMcwg+M9qnQf47wK3H0SUR/T+3N4JEQXF3vV4CSuuo0rsg+nq2A=="
      },
      "System.Collections.Immutable": {
        "type": "Transitive",
        "resolved": "10.0.11",
        "contentHash": "BQY956wwWSjRDoOspL6L1JscbFoSgJK606mO3PYalBHIZRV+Sc2xokvR/NHLlpUEfju6EbW5GbKbNpVYQ65cLw=="
      },
      "System.ComponentModel.Annotations": {
        "type": "Transitive",
        "resolved": "5.0.0",
        "contentHash": "dMkqfy2el8A8/I76n2Hi1oBFEbG1SfxD2l5nhwXV3XjlnOmwxJlQbYpJH4W51odnU9sARCSAgv7S3CyAFMkpYg=="
      },
      "System.Formats.Asn1": {
        "type": "Transitive",
        "resolved": "10.0.11",
        "contentHash": "OxAZMMykBaKsD+r2jXujE0f/ldcRfwsfLDXOZRI7iOAPNwfwIwwnj8HCR0NdEP7oxH8PKQs/pqseNcRwFx3BVQ=="
      },
      "System.IO.Packaging": {
        "type": "Transitive",
        "resolved": "10.0.11",
        "contentHash": "y74NfbISp+FLjGdsaTi23Oe3xxPPwCeEMWdUlkujE23lQH5Un6gU4tWmQZ6kI1CFW7IsB1Ii045Ay7lMeoMHqA=="
      },
      "System.Management": {
        "type": "Transitive",
        "resolved": "7.0.2",
        "contentHash": "/qEUN91mP/MUQmJnM5y5BdT7ZoPuVrtxnFlbJ8a3kBJGhe2wCzBfnPFtK2wTtEEcf3DMGR9J00GZZfg6HRI6yA==",
        "dependencies": {
          "System.CodeDom": "7.0.0"
        }
      },
      "System.Reflection.Metadata": {
        "type": "Transitive",
        "resolved": "10.0.11",
        "contentHash": "ayYHfHtraz6Z6kFQrlTVJ4lV8jG11noHfu6fWAdeP6I6coGCym14V06jZApgk/9c74HoP8Wmcpxd1NokbKFdbQ==",
        "dependencies": {
          "System.Collections.Immutable": "10.0.11"
        }
      },
      "System.Reflection.MetadataLoadContext": {
        "type": "Transitive",
        "resolved": "10.0.11",
        "contentHash": "NbsfNbQ7E6aRhBtogseM6dGWwUgrgyska+CXnlsIEgJNmgGh1s8ps8fKDMSgwE6hMIsU3TP8BKfRlvOOSpxV+g==",
        "dependencies": {
          "System.Collections.Immutable": "10.0.11",
          "System.Reflection.Metadata": "10.0.11"
        }
      },
      "System.Runtime.CompilerServices.Unsafe": {
        "type": "Transitive",
        "resolved": "6.0.0",
        "contentHash": "/iUeP3tq1S0XdNNoMz5C9twLSrM/TH+qElHkXWaPvuNOt+99G75NrV0OS2EqHx5wMN7popYjpc8oTjC1y16DLg=="
      },
      "System.Security.Cryptography.Pkcs": {
        "type": "Transitive",
        "resolved": "10.0.11",
        "contentHash": "8IV+rI3xN/Mkq9MsSX7VZTv9T9Wt+tyhHLwBX9VNZBk8m8kknEs1JeTSjI2x9M2L/fSja+c2WSE5n5Yy0GXdoQ==",
        "dependencies": {
          "Microsoft.Bcl.Cryptography": "10.0.11",
          "System.Formats.Asn1": "10.0.11"
        }
      },
      "System.Security.Cryptography.ProtectedData": {
        "type": "Transitive",
        "resolved": "10.0.11",
        "contentHash": "PNoxCTPb+Tlux+GJyq4c89ddYdpioVSqfGx8pqOF6shCSKwUNNctXhQtRkCICjbJmGrJJsW8NY52kVYO/b8mlQ=="
      },
      "System.Text.Encodings.Web": {
        "type": "Transitive",
        "resolved": "6.0.0",
        "contentHash": "Vg8eB5Tawm1IFqj4TVK1czJX89rhFxJo9ELqc/Eiq0eXy13RK00eubyU6TJE6y+GQXjyV5gSfiewDUZjQgSE0w==",
        "dependencies": {
          "System.Runtime.CompilerServices.Unsafe": "6.0.0"
        }
      },
      "System.Text.Json": {
        "type": "Transitive",
        "resolved": "6.0.10",
        "contentHash": "NSB0kDipxn2ychp88NXWfFRFlmi1bst/xynOutbnpEfRCT9JZkZ7KOmF/I/hNKo2dILiMGnqblm+j1sggdLB9g==",
        "dependencies": {
          "System.Runtime.CompilerServices.Unsafe": "6.0.0",
          "System.Text.Encodings.Web": "6.0.0"
        }
      },
      "VirusTotalAnalyzer": {
        "type": "Transitive",
        "resolved": "1.0.0",
        "contentHash": "sg2uLSJS37PyZenldT55a+B93ct2bvz3653uU0FwFtv1v3bcrG453O7/n1hcSp9DO4burBNIyEu00O8ZWHptNQ=="
      },
      "powerforge": {
        "type": "Project",
        "dependencies": {
          "NuGet.Configuration": "[7.9.0, )",
          "NuGet.Packaging": "[7.9.0, )",
          "System.IO.Packaging": "[10.0.11, )",
          "System.Reflection.MetadataLoadContext": "[10.0.11, )",
          "System.Security.Cryptography.Pkcs": "[10.0.11, )",
          "System.Security.Cryptography.ProtectedData": "[10.0.11, )",
          "VirusTotalAnalyzer": "[1.0.0, )"
        }
      }
    }
  }
}