{
  "version": 1,
  "dependencies": {
    "net10.0": {
      "Microsoft.Data.Sqlite": {
        "type": "Transitive",
        "resolved": "10.0.5",
        "contentHash": "y4noWO5q8tav8I/JyOhuWxII+1KrXCLuhjXdP1GRd3PvVf/IlgL+eQlikp9DyCrybQxS/0ZO7Me/X6c22MjSaQ==",
        "dependencies": {
          "Microsoft.Data.Sqlite.Core": "10.0.5",
          "SQLitePCLRaw.bundle_e_sqlite3": "2.1.11",
          "SQLitePCLRaw.core": "2.1.11"
        }
      },
      "Microsoft.Data.Sqlite.Core": {
        "type": "Transitive",
        "resolved": "10.0.5",
        "contentHash": "jFYXnh7s0RShCw6Vkf+ReGCw+mVi7ISg1YaEzYCJcXnUifmbW+aqvCsRJuSRj2ZuQ+oqetpjxlZtbpMmk5FKqQ==",
        "dependencies": {
          "SQLitePCLRaw.core": "2.1.11"
        }
      },
      "SQLitePCLRaw.bundle_e_sqlite3": {
        "type": "Transitive",
        "resolved": "2.1.11",
        "contentHash": "DC4nA7yWnf4UZdgJDF+9Mus4/cb0Y3Sfgi3gDnAoKNAIBwzkskNAbNbyu+u4atT0ruVlZNJfwZmwiEwE5oz9LQ==",
        "dependencies": {
          "SQLitePCLRaw.lib.e_sqlite3": "2.1.11",
          "SQLitePCLRaw.provider.e_sqlite3": "2.1.11"
        }
      },
      "SQLitePCLRaw.core": {
        "type": "Transitive",
        "resolved": "2.1.11",
        "contentHash": "PK0GLFkfhZzLQeR3PJf71FmhtHox+U3vcY6ZtswoMjrefkB9k6ErNJEnwXqc5KgXDSjige2XXrezqS39gkpQKA=="
      },
      "SQLitePCLRaw.lib.e_sqlite3": {
        "type": "Transitive",
        "resolved": "2.1.11",
        "contentHash": "Ev2ytaXiOlWZ4b3R67GZBsemTINslLD1DCJr2xiacpn4tbapu0Q4dHEzSvZSMnVWeE5nlObU3VZN2p81q3XOYQ=="
      },
      "SQLitePCLRaw.provider.e_sqlite3": {
        "type": "Transitive",
        "resolved": "2.1.11",
        "contentHash": "Y/0ZkR+r0Cg3DQFuCl1RBnv/tmxpIZRU3HUvelPw6MVaKHwYYR8YNvgs0vuNuXCMvlyJ+Fh88U1D4tah1tt6qw==",
        "dependencies": {
          "SQLitePCLRaw.core": "2.1.11"
        }
      },
      "System.IO.Packaging": {
        "type": "Transitive",
        "resolved": "10.0.1",
        "contentHash": "KGS+cdplxa0R6cRQdVMRQRdnU8aY5UcUwDLyRJVHgOAstUnpF726xOYeaW3OxtkHcnfsijO0LfDjT4kDgvYn9A=="
      },
      "System.Reflection.MetadataLoadContext": {
        "type": "Transitive",
        "resolved": "8.0.0",
        "contentHash": "SZxrQ4sQYnIcdwiO3G/lHZopbPYQ2lW0ioT4JezgccWUrKaKbHLJbAGZaDfkYjWcta1pWssAo3MOXLsR0ie4tQ=="
      },
      "dbaclientx.core": {
        "type": "Project"
      },
      "dbaclientx.sqlite": {
        "type": "Project",
        "dependencies": {
          "DBAClientX.Core": "[0.3.0, )",
          "Microsoft.Data.Sqlite": "[10.0.5, )"
        }
      },
      "powerforge": {
        "type": "Project",
        "dependencies": {
          "System.IO.Packaging": "[10.0.1, )",
          "System.Reflection.MetadataLoadContext": "[8.0.0, )"
        }
      },
      "powerforgestudio.domain": {
        "type": "Project"
      },
      "powerforgestudio.orchestrator": {
        "type": "Project",
        "dependencies": {
          "DBAClientX.SQLite": "[0.2.0, )",
          "PowerForge": "[1.0.0, )",
          "PowerForgeStudio.Domain": "[1.0.0, )"
        }
      }
    }
  }
}