{
  "version": 1,
  "dependencies": {
    "net10.0": {
      "Microsoft.Data.Sqlite": {
        "type": "Transitive",
        "resolved": "10.0.10",
        "contentHash": "58JwZ39lCvRXHfV5O6RQfbHEDu8ZsXI7weRoVRR4jrGRxxkS+qyeuGrN2xD+9VYEICApYr0iTSL6PuU+DdsvPg==",
        "dependencies": {
          "Microsoft.Data.Sqlite.Core": "10.0.10",
          "SQLitePCLRaw.bundle_e_sqlite3": "2.1.11",
          "SQLitePCLRaw.core": "2.1.11"
        }
      },
      "Microsoft.Data.Sqlite.Core": {
        "type": "Transitive",
        "resolved": "10.0.10",
        "contentHash": "TPCs0ldm7AWqcKmp6f/Xr+14sat7hx4rHfRlS4RgCURBH2thEWbAKEyX7cCWr63zVJVOJIJZTg2cBiUXa8ys6g==",
        "dependencies": {
          "SQLitePCLRaw.core": "2.1.11"
        }
      },
      "NuGet.Common": {
        "type": "Transitive",
        "resolved": "7.6.0",
        "contentHash": "uyXLqkbbZmkMvdHOR23l1EHW2hRmULtzoG3Ocj84VpGptnNfkODVboHGJfDfcn9Gi9oUNDs8/VjL4FZcST6zVg==",
        "dependencies": {
          "NuGet.Frameworks": "7.6.0"
        }
      },
      "NuGet.Configuration": {
        "type": "Transitive",
        "resolved": "7.6.0",
        "contentHash": "+bNj+YneC5CNg1vR+WZjLAakscJlsi0KhADZUgIJPn4pwh8/jeCUMC5ik5cpET/i+QOplDy7aJVTGkpdfrlPww==",
        "dependencies": {
          "NuGet.Common": "7.6.0",
          "System.Security.Cryptography.ProtectedData": "8.0.0"
        }
      },
      "NuGet.Frameworks": {
        "type": "Transitive",
        "resolved": "7.6.0",
        "contentHash": "rJ7QtKN45XzLXCrMATve6eFLiUyUGEkA1rFSb6U6Fw6laM4hEAcKOrcdbgWlcFUlCK2158qP1LF00hg/ivF3nw=="
      },
      "SourceGear.sqlite3": {
        "type": "Transitive",
        "resolved": "3.53.3",
        "contentHash": "PaDT7JwQ00HmXZT1xSGSC0c24A5lVpJYHMrXBuJATdpB2t0nf4Kq9HyPaZhxVW0elPq4XI1s5BLh7qLuObmzFA=="
      },
      "SQLitePCLRaw.bundle_e_sqlite3": {
        "type": "Transitive",
        "resolved": "3.0.4",
        "contentHash": "gg8vENKV/o0pWLI0eJxnTA4X9e63rOvzkCDMAOePDGLieNSHPCGUiJ4CQDqDyNqIf6IPVzD4TOjqY5ACygZkkA==",
        "dependencies": {
          "SQLitePCLRaw.config.e_sqlite3": "3.0.4",
          "SourceGear.sqlite3": "3.53.3"
        }
      },
      "SQLitePCLRaw.config.e_sqlite3": {
        "type": "Transitive",
        "resolved": "3.0.4",
        "contentHash": "W2HMmjAZ1v27fbyzZtONCdC8Ma/tTr5wLAIr4Iq7T4oKrYaI4occJ5TBhSdK4pltwBJLQBG5DcQMz+/w9X4bbg==",
        "dependencies": {
          "SQLitePCLRaw.provider.e_sqlite3": "3.0.4"
        }
      },
      "SQLitePCLRaw.core": {
        "type": "Transitive",
        "resolved": "3.0.4",
        "contentHash": "cOjxfdjE4zQDvDVDUBfucKGXEaYos4l4l+TVwePJEHp/nl9fkgBz/lIVgfMH5dOyKRmNi6RsptUGtZsvsD7iYQ=="
      },
      "SQLitePCLRaw.provider.e_sqlite3": {
        "type": "Transitive",
        "resolved": "3.0.4",
        "contentHash": "L4uiEKeRSXxppkGE4iSpgBgC5lNvw2zEN/hAaxTecUS1+DhC6UEFhHaakSYYvnFq7x16B7DQcaXgXy0SkhSwnw==",
        "dependencies": {
          "SQLitePCLRaw.core": "3.0.4"
        }
      },
      "System.IO.Packaging": {
        "type": "Transitive",
        "resolved": "10.0.7",
        "contentHash": "qvYn5etKp2m3p05CCvw48OXf0mbD57g0gq/dCjQvq2ZgXYtjB3CV6rwzO7QprxMHnkZFhJ0StrB0thrVzpF49Q=="
      },
      "System.Reflection.MetadataLoadContext": {
        "type": "Transitive",
        "resolved": "8.0.0",
        "contentHash": "SZxrQ4sQYnIcdwiO3G/lHZopbPYQ2lW0ioT4JezgccWUrKaKbHLJbAGZaDfkYjWcta1pWssAo3MOXLsR0ie4tQ=="
      },
      "System.Security.Cryptography.ProtectedData": {
        "type": "Transitive",
        "resolved": "10.0.7",
        "contentHash": "eqKW9wyPUhZi6pxy9Y0fQO/bdHROcwj0tYdmoGEPCPCtCJLFdVVAlzuuYYEnJI64HxhoXPYGhtx891g/jwN4rg=="
      },
      "dbaclientx.core": {
        "type": "Project"
      },
      "dbaclientx.sqlite": {
        "type": "Project",
        "dependencies": {
          "DBAClientX.Core": "[0.14.0, )",
          "Microsoft.Data.Sqlite": "[10.0.10, )",
          "SQLitePCLRaw.bundle_e_sqlite3": "[3.0.4, )",
          "SQLitePCLRaw.core": "[3.0.4, )"
        }
      },
      "powerforge": {
        "type": "Project",
        "dependencies": {
          "NuGet.Configuration": "[7.6.0, )",
          "System.IO.Packaging": "[10.0.7, )",
          "System.Reflection.MetadataLoadContext": "[8.0.0, )",
          "System.Security.Cryptography.ProtectedData": "[10.0.7, )"
        }
      },
      "powerforgestudio.domain": {
        "type": "Project"
      },
      "powerforgestudio.orchestrator": {
        "type": "Project",
        "dependencies": {
          "DBAClientX.Core": "[0.14.0, )",
          "DBAClientX.SQLite": "[0.12.0, )",
          "Microsoft.Data.Sqlite": "[10.0.10, )",
          "PowerForge": "[3.0.81, )",
          "PowerForgeStudio.Domain": "[1.0.0, )"
        }
      }
    }
  }
}