{
  "version": 1,
  "dependencies": {
    "net8.0": {
      "Spectre.Console": {
        "type": "Direct",
        "requested": "[0.57.2, )",
        "resolved": "0.57.2",
        "contentHash": "wzsB+P9i6F9G+cFOJxRotCiQWNSzZVAMxi8YMiHlGXXU1JLMXGp7zSSqBMmROZS2bzpK5jk+Saa7Evp8HwqhKg==",
        "dependencies": {
          "Spectre.Console.Ansi": "0.57.2"
        }
      },
      "Microsoft.Bcl.Cryptography": {
        "type": "Transitive",
        "resolved": "10.0.10",
        "contentHash": "Qdx/MB+kxJoPIWZ0PpKpGSj8C02oaGXgue59HixUX/vinLsBIDYTX3RNW8mj9fBCeCmCp5+28KojlvI1N9hQPw==",
        "dependencies": {
          "System.Formats.Asn1": "10.0.10"
        }
      },
      "Microsoft.PowerShell.SDK": {
        "type": "Transitive",
        "resolved": "7.6.4",
        "contentHash": "Y5ukaHRXMpC3Y9rd3kq/6cUn9QLnqxJddOkJRrkBeb9S6L3kQG9757ldkK7b+L1SySm9fR0K9VhMyjKUgGanPQ=="
      },
      "NuGet.Common": {
        "type": "Transitive",
        "resolved": "7.6.0",
        "contentHash": "uyXLqkbbZmkMvdHOR23l1EHW2hRmULtzoG3Ocj84VpGptnNfkODVboHGJfDfcn9Gi9oUNDs8/VjL4FZcST6zVg==",
        "dependencies": {
          "NuGet.Frameworks": "7.6.0"
        }
      },
      "NuGet.Configuration": {
        "type": "Transitive",
        "resolved": "7.6.0",
        "contentHash": "+bNj+YneC5CNg1vR+WZjLAakscJlsi0KhADZUgIJPn4pwh8/jeCUMC5ik5cpET/i+QOplDy7aJVTGkpdfrlPww==",
        "dependencies": {
          "NuGet.Common": "7.6.0",
          "System.Security.Cryptography.ProtectedData": "8.0.0"
        }
      },
      "NuGet.Frameworks": {
        "type": "Transitive",
        "resolved": "7.6.0",
        "contentHash": "rJ7QtKN45XzLXCrMATve6eFLiUyUGEkA1rFSb6U6Fw6laM4hEAcKOrcdbgWlcFUlCK2158qP1LF00hg/ivF3nw=="
      },
      "Spectre.Console.Ansi": {
        "type": "Transitive",
        "resolved": "0.57.2",
        "contentHash": "Y1+u73shwP+JYHmrkdN6bSt2kaGBEAafhi2nrecczbXdFRey+k7J/WF9YPfcB0rqivv2S8fmif6FSBq9m/AFvw=="
      },
      "System.Formats.Asn1": {
        "type": "Transitive",
        "resolved": "10.0.10",
        "contentHash": "Lt7KTFei7vmp/+JtTCLB3D3MNDFIfyFl9zETGtKFuoeaThNeHCyE7sJTZ10wfwHbd2z0rW72fjIpNXPkxEObaA=="
      },
      "System.IO.Packaging": {
        "type": "Transitive",
        "resolved": "10.0.10",
        "contentHash": "SZT8XZ8Tktdnhaq5eWOJWN0VBczFZ7l6K5C5ykbaQFXZ0Uv8UBJwQcYUM1NVk5pKAmPlHnancMh33jF6IKnUrg=="
      },
      "System.Reflection.MetadataLoadContext": {
        "type": "Transitive",
        "resolved": "8.0.1",
        "contentHash": "c/hiLzoMeYWnoTsdeRY2o0Vbadfedt0b4ZawQ+qDr1BIoYBQo3ASei0Pyiz00n9pHBlfWXiUVy90tOWBEgJ8/Q=="
      },
      "System.Security.Cryptography.Pkcs": {
        "type": "Transitive",
        "resolved": "10.0.10",
        "contentHash": "KG8t5RHczdgB3IWvRndpI0nE1DSo7ikDYSDbITxfgRFyIvnYiKzuPjaZOsPnwFQ1aOGUl9sEulJul9wlHLEUoA==",
        "dependencies": {
          "Microsoft.Bcl.Cryptography": "10.0.10",
          "System.Formats.Asn1": "10.0.10"
        }
      },
      "System.Security.Cryptography.ProtectedData": {
        "type": "Transitive",
        "resolved": "10.0.10",
        "contentHash": "BKt0SQgq2lq3ESE68jkeLwv95ypANrPDtkTOIFGcnhg2aRUeUUBDrQlkVDZctrg1WenVcvn5P5XZnuYI7q6rFQ=="
      },
      "System.Security.Cryptography.Xml": {
        "type": "Transitive",
        "resolved": "10.0.10",
        "contentHash": "Mz6Y+s+uMQKj1H2BUF0OhlmaOQkLgSG34/IrUaBDirYBQ6bgwcFvO/XtXWcoDlBLFoFB0uKqDNhybHOd+fQK1A==",
        "dependencies": {
          "Microsoft.Bcl.Cryptography": "10.0.10",
          "System.Security.Cryptography.Pkcs": "10.0.10"
        }
      },
      "powerforge": {
        "type": "Project",
        "dependencies": {
          "NuGet.Configuration": "[7.6.0, )",
          "System.IO.Packaging": "[10.0.10, )",
          "System.Reflection.MetadataLoadContext": "[8.0.1, )",
          "System.Security.Cryptography.ProtectedData": "[10.0.10, )"
        }
      },
      "powerforge.powershell": {
        "type": "Project",
        "dependencies": {
          "Microsoft.PowerShell.SDK": "[7.6.4, )",
          "PowerForge": "[3.0.99, )",
          "System.Security.Cryptography.Xml": "[10.0.10, )"
        }
      }
    }
  }
}