{
  "version": 1,
  "dependencies": {
    ".NETFramework,Version=v4.7.2": {
      "Microsoft.NETFramework.ReferenceAssemblies": {
        "type": "Direct",
        "requested": "[1.0.3, )",
        "resolved": "1.0.3",
        "contentHash": "vUc9Npcs14QsyOD01tnv/m8sQUnGTGOw1BCmKcv77LBJY7OxhJ+zJF7UD/sCL3lYNFuqmQEVlkfS4Quif6FyYg==",
        "dependencies": {
          "Microsoft.NETFramework.ReferenceAssemblies.net472": "1.0.3"
        }
      },
      "NuGet.Configuration": {
        "type": "Direct",
        "requested": "[7.9.0, )",
        "resolved": "7.9.0",
        "contentHash": "oY9XZp+TWjOmiGmU4R4JWBRY3F4TAVo7tqPr/z7MOsFcEpdYHMryjNSscoLBxUTR3WmFmYgO0Gvu4eRbz6pzOg==",
        "dependencies": {
          "NuGet.Common": "7.9.0"
        }
      },
      "NuGet.Packaging": {
        "type": "Direct",
        "requested": "[7.9.0, )",
        "resolved": "7.9.0",
        "contentHash": "Q2jxuud5kJLV0rUzsC02iC5ts8QsQu9UVyMvF8lULY3TwHL/W/PrnQ9bQFvMR7jJkzF1uilRPI1o+7VOtc2XMg==",
        "dependencies": {
          "Newtonsoft.Json": "13.0.3",
          "NuGet.Configuration": "7.9.0",
          "NuGet.Versioning": "7.9.0",
          "System.Text.Json": "8.0.5"
        }
      },
      "System.Reflection.Metadata": {
        "type": "Direct",
        "requested": "[10.0.10, )",
        "resolved": "10.0.10",
        "contentHash": "NZIS6/IUBh70nJfVvE577oDc81y5GfYRgjWssC8AGpSlVzSu5YfbHXEtHXyLeEY7gqqbAaASwJEP0Oy3Q54Jfw==",
        "dependencies": {
          "System.Collections.Immutable": "10.0.10"
        }
      },
      "System.Security.Cryptography.Pkcs": {
        "type": "Direct",
        "requested": "[10.0.11, )",
        "resolved": "10.0.11",
        "contentHash": "8IV+rI3xN/Mkq9MsSX7VZTv9T9Wt+tyhHLwBX9VNZBk8m8kknEs1JeTSjI2x9M2L/fSja+c2WSE5n5Yy0GXdoQ==",
        "dependencies": {
          "Microsoft.Bcl.Cryptography": "10.0.11"
        }
      },
      "System.Security.Cryptography.ProtectedData": {
        "type": "Direct",
        "requested": "[10.0.11, )",
        "resolved": "10.0.11",
        "contentHash": "PNoxCTPb+Tlux+GJyq4c89ddYdpioVSqfGx8pqOF6shCSKwUNNctXhQtRkCICjbJmGrJJsW8NY52kVYO/b8mlQ=="
      },
      "System.Text.Json": {
        "type": "Direct",
        "requested": "[10.0.11, )",
        "resolved": "10.0.11",
        "contentHash": "X2rXQy7g8KEUvWVbAz6vOk6byI1eMgmzFeXbKxq4BfZCfFy5S91K+K+hd4ZBlSp0wL1Y8FyGRXs6+hvABTjwQw==",
        "dependencies": {
          "Microsoft.Bcl.AsyncInterfaces": "10.0.11",
          "System.Buffers": "4.6.1",
          "System.IO.Pipelines": "10.0.11",
          "System.Memory": "4.6.3",
          "System.Runtime.CompilerServices.Unsafe": "6.1.2",
          "System.Text.Encodings.Web": "10.0.11",
          "System.Threading.Tasks.Extensions": "4.6.3",
          "System.ValueTuple": "4.6.2"
        }
      },
      "VirusTotalAnalyzer": {
        "type": "Direct",
        "requested": "[1.0.0, )",
        "resolved": "1.0.0",
        "contentHash": "sg2uLSJS37PyZenldT55a+B93ct2bvz3653uU0FwFtv1v3bcrG453O7/n1hcSp9DO4burBNIyEu00O8ZWHptNQ==",
        "dependencies": {
          "Microsoft.Bcl.AsyncInterfaces": "10.0.10",
          "System.Text.Json": "10.0.10"
        }
      },
      "Microsoft.Bcl.AsyncInterfaces": {
        "type": "Transitive",
        "resolved": "10.0.11",
        "contentHash": "pUkYI1f99hY9giu/MRaEVN53RO7skXwR7FGtVvFJCK5ezdg5i0W+z1yj/91X5aKv07xGuSB5n1g/Zt2P4Ooq6g==",
        "dependencies": {
          "System.Threading.Tasks.Extensions": "4.6.3"
        }
      },
      "Microsoft.Bcl.Cryptography": {
        "type": "Transitive",
        "resolved": "10.0.11",
        "contentHash": "7foJyHT7LbitR/l0BGJ2T86U6cULoc0P6mc+/Ih1Hj1nPOL8Wh2qc1DF4rn2sUzlcJH4tZ8M2A75/Xqrce2QGg==",
        "dependencies": {
          "System.Formats.Asn1": "10.0.11",
          "System.Memory": "4.6.3",
          "System.Runtime.CompilerServices.Unsafe": "6.1.2"
        }
      },
      "Microsoft.NETFramework.ReferenceAssemblies.net472": {
        "type": "Transitive",
        "resolved": "1.0.3",
        "contentHash": "0E7evZXHXaDYYiLRfpyXvCh+yzM2rNTyuZDI+ZO7UUqSc6GfjePiXTdqJGtgIKUwdI81tzQKmaWprnUiPj9hAw=="
      },
      "Newtonsoft.Json": {
        "type": "Transitive",
        "resolved": "13.0.3",
        "contentHash": "HrC5BXdl00IP9zeV+0Z848QWPAoCr9P3bDEZguI+gkLcBKAOxix/tLEAAHC+UvDNPv4a2d18lOReHMOagPa+zQ=="
      },
      "NuGet.Common": {
        "type": "Transitive",
        "resolved": "7.9.0",
        "contentHash": "OWFEzHpwvgzSaHYmWzfbyTm6oBOy/BFSFEDk73zM9jiJaxdopYZ/DrqIQogaM3F+ZGTppBJffmzu5adetEI/YA==",
        "dependencies": {
          "NuGet.Frameworks": "7.9.0",
          "System.Collections.Immutable": "8.0.0"
        }
      },
      "NuGet.Frameworks": {
        "type": "Transitive",
        "resolved": "7.9.0",
        "contentHash": "w2adPmgUafmW9ON1MzDjuHmViN0vtiPV48Dz3OE6px8BiGSqrnWHOjwFEPOEPAZx20J1c7bxp90Hxo9l4xGWtw=="
      },
      "NuGet.Versioning": {
        "type": "Transitive",
        "resolved": "7.9.0",
        "contentHash": "r4sZuVpVqwSBLe4qYDrnpScqdyctlRXg0HSF5OoCGkeBc8b+o8BBYHuI/u1RoWYX78PbieijU13TBt71/Xf3lw=="
      },
      "System.Buffers": {
        "type": "Transitive",
        "resolved": "4.6.1",
        "contentHash": "N8GXpmiLMtljq7gwvyS+1QvKT/W2J8sNAvx+HVg4NGmsG/H+2k/y9QI23auLJRterrzCiDH+IWAw4V/GPwsMlw=="
      },
      "System.Collections.Immutable": {
        "type": "Transitive",
        "resolved": "10.0.10",
        "contentHash": "Ih5zrydoDc1H5I0eNP6f4Lzw3cjsPMN4Nikd86kbyi66y0flkM9GfjVo62aUbcxeTbypzBCFAFQ+/6RF2jRORg==",
        "dependencies": {
          "System.Memory": "4.6.3",
          "System.Runtime.CompilerServices.Unsafe": "6.1.2"
        }
      },
      "System.Formats.Asn1": {
        "type": "Transitive",
        "resolved": "10.0.11",
        "contentHash": "OxAZMMykBaKsD+r2jXujE0f/ldcRfwsfLDXOZRI7iOAPNwfwIwwnj8HCR0NdEP7oxH8PKQs/pqseNcRwFx3BVQ==",
        "dependencies": {
          "System.Memory": "4.6.3",
          "System.ValueTuple": "4.6.2"
        }
      },
      "System.IO.Pipelines": {
        "type": "Transitive",
        "resolved": "10.0.11",
        "contentHash": "rg8LPOZ62quw3aTnsQNh9rssncaMs69WEM1DiJdDkV+o4Llb2s5Pasy5Bulfm8zL+pE4gDcSQo7V2zW2jvxwYg==",
        "dependencies": {
          "System.Buffers": "4.6.1",
          "System.Memory": "4.6.3",
          "System.Threading.Tasks.Extensions": "4.6.3"
        }
      },
      "System.Memory": {
        "type": "Transitive",
        "resolved": "4.6.3",
        "contentHash": "qdcDOgnFZY40+Q9876JUHnlHu7bosOHX8XISRoH94fwk6hgaeQGSgfZd8srWRZNt5bV9ZW2TljcegDNxsf+96A==",
        "dependencies": {
          "System.Buffers": "4.6.1",
          "System.Numerics.Vectors": "4.6.1",
          "System.Runtime.CompilerServices.Unsafe": "6.1.2"
        }
      },
      "System.Numerics.Vectors": {
        "type": "Transitive",
        "resolved": "4.6.1",
        "contentHash": "sQxefTnhagrhoq2ReR0D/6K0zJcr9Hrd6kikeXsA1I8kOCboTavcUC4r7TSfpKFeE163uMuxZcyfO1mGO3EN8Q=="
      },
      "System.Runtime.CompilerServices.Unsafe": {
        "type": "Transitive",
        "resolved": "6.1.2",
        "contentHash": "2hBr6zdbIBTDE3EhK7NSVNdX58uTK6iHW/P/Axmm9sl1xoGSLqDvMtpecn226TNwHByFokYwJmt/aQQNlO5CRw=="
      },
      "System.Text.Encodings.Web": {
        "type": "Transitive",
        "resolved": "10.0.11",
        "contentHash": "R7H2/Oqr3onFff/JKDpfRjwxcQZlocF/eQ0ce8go/OTjqz+6LEp/fZK8j1YnDobtysChATEg7krVq4hQJ3IoeQ==",
        "dependencies": {
          "System.Buffers": "4.6.1",
          "System.Memory": "4.6.3",
          "System.Runtime.CompilerServices.Unsafe": "6.1.2"
        }
      },
      "System.Threading.Tasks.Extensions": {
        "type": "Transitive",
        "resolved": "4.6.3",
        "contentHash": "7sCiwilJLYbTZELaKnc7RecBBXWXA+xMLQWZKWawBxYjp6DBlSE3v9/UcvKBvr1vv2tTOhipiogM8rRmxlhrVA==",
        "dependencies": {
          "System.Runtime.CompilerServices.Unsafe": "6.1.2"
        }
      },
      "System.ValueTuple": {
        "type": "Transitive",
        "resolved": "4.6.2",
        "contentHash": "yQgmjfFximrNm9LIV3mL6T5MzjeC+epeE5rl4hXxAlYmxby7RM1dPSkIKXk9HNkl6G54h2JHOmLD46+Pey+IRg=="
      }
    },
    "net10.0": {
      "NuGet.Configuration": {
        "type": "Direct",
        "requested": "[7.9.0, )",
        "resolved": "7.9.0",
        "contentHash": "oY9XZp+TWjOmiGmU4R4JWBRY3F4TAVo7tqPr/z7MOsFcEpdYHMryjNSscoLBxUTR3WmFmYgO0Gvu4eRbz6pzOg==",
        "dependencies": {
          "NuGet.Common": "7.9.0",
          "System.Security.Cryptography.ProtectedData": "8.0.0"
        }
      },
      "NuGet.Packaging": {
        "type": "Direct",
        "requested": "[7.9.0, )",
        "resolved": "7.9.0",
        "contentHash": "Q2jxuud5kJLV0rUzsC02iC5ts8QsQu9UVyMvF8lULY3TwHL/W/PrnQ9bQFvMR7jJkzF1uilRPI1o+7VOtc2XMg==",
        "dependencies": {
          "Newtonsoft.Json": "13.0.3",
          "NuGet.Configuration": "7.9.0",
          "NuGet.Versioning": "7.9.0",
          "System.Security.Cryptography.Pkcs": "8.0.1"
        }
      },
      "System.IO.Packaging": {
        "type": "Direct",
        "requested": "[10.0.11, )",
        "resolved": "10.0.11",
        "contentHash": "y74NfbISp+FLjGdsaTi23Oe3xxPPwCeEMWdUlkujE23lQH5Un6gU4tWmQZ6kI1CFW7IsB1Ii045Ay7lMeoMHqA=="
      },
      "System.Reflection.MetadataLoadContext": {
        "type": "Direct",
        "requested": "[10.0.11, )",
        "resolved": "10.0.11",
        "contentHash": "NbsfNbQ7E6aRhBtogseM6dGWwUgrgyska+CXnlsIEgJNmgGh1s8ps8fKDMSgwE6hMIsU3TP8BKfRlvOOSpxV+g=="
      },
      "System.Security.Cryptography.Pkcs": {
        "type": "Direct",
        "requested": "[10.0.11, )",
        "resolved": "10.0.11",
        "contentHash": "8IV+rI3xN/Mkq9MsSX7VZTv9T9Wt+tyhHLwBX9VNZBk8m8kknEs1JeTSjI2x9M2L/fSja+c2WSE5n5Yy0GXdoQ=="
      },
      "System.Security.Cryptography.ProtectedData": {
        "type": "Direct",
        "requested": "[10.0.11, )",
        "resolved": "10.0.11",
        "contentHash": "PNoxCTPb+Tlux+GJyq4c89ddYdpioVSqfGx8pqOF6shCSKwUNNctXhQtRkCICjbJmGrJJsW8NY52kVYO/b8mlQ=="
      },
      "VirusTotalAnalyzer": {
        "type": "Direct",
        "requested": "[1.0.0, )",
        "resolved": "1.0.0",
        "contentHash": "sg2uLSJS37PyZenldT55a+B93ct2bvz3653uU0FwFtv1v3bcrG453O7/n1hcSp9DO4burBNIyEu00O8ZWHptNQ=="
      },
      "Newtonsoft.Json": {
        "type": "Transitive",
        "resolved": "13.0.3",
        "contentHash": "HrC5BXdl00IP9zeV+0Z848QWPAoCr9P3bDEZguI+gkLcBKAOxix/tLEAAHC+UvDNPv4a2d18lOReHMOagPa+zQ=="
      },
      "NuGet.Common": {
        "type": "Transitive",
        "resolved": "7.9.0",
        "contentHash": "OWFEzHpwvgzSaHYmWzfbyTm6oBOy/BFSFEDk73zM9jiJaxdopYZ/DrqIQogaM3F+ZGTppBJffmzu5adetEI/YA==",
        "dependencies": {
          "NuGet.Frameworks": "7.9.0"
        }
      },
      "NuGet.Frameworks": {
        "type": "Transitive",
        "resolved": "7.9.0",
        "contentHash": "w2adPmgUafmW9ON1MzDjuHmViN0vtiPV48Dz3OE6px8BiGSqrnWHOjwFEPOEPAZx20J1c7bxp90Hxo9l4xGWtw=="
      },
      "NuGet.Versioning": {
        "type": "Transitive",
        "resolved": "7.9.0",
        "contentHash": "r4sZuVpVqwSBLe4qYDrnpScqdyctlRXg0HSF5OoCGkeBc8b+o8BBYHuI/u1RoWYX78PbieijU13TBt71/Xf3lw=="
      }
    },
    "net8.0": {
      "NuGet.Configuration": {
        "type": "Direct",
        "requested": "[7.9.0, )",
        "resolved": "7.9.0",
        "contentHash": "oY9XZp+TWjOmiGmU4R4JWBRY3F4TAVo7tqPr/z7MOsFcEpdYHMryjNSscoLBxUTR3WmFmYgO0Gvu4eRbz6pzOg==",
        "dependencies": {
          "NuGet.Common": "7.9.0",
          "System.Security.Cryptography.ProtectedData": "8.0.0"
        }
      },
      "NuGet.Packaging": {
        "type": "Direct",
        "requested": "[7.9.0, )",
        "resolved": "7.9.0",
        "contentHash": "Q2jxuud5kJLV0rUzsC02iC5ts8QsQu9UVyMvF8lULY3TwHL/W/PrnQ9bQFvMR7jJkzF1uilRPI1o+7VOtc2XMg==",
        "dependencies": {
          "Newtonsoft.Json": "13.0.3",
          "NuGet.Configuration": "7.9.0",
          "NuGet.Versioning": "7.9.0",
          "System.Security.Cryptography.Pkcs": "8.0.1"
        }
      },
      "System.IO.Packaging": {
        "type": "Direct",
        "requested": "[10.0.11, )",
        "resolved": "10.0.11",
        "contentHash": "y74NfbISp+FLjGdsaTi23Oe3xxPPwCeEMWdUlkujE23lQH5Un6gU4tWmQZ6kI1CFW7IsB1Ii045Ay7lMeoMHqA=="
      },
      "System.Reflection.MetadataLoadContext": {
        "type": "Direct",
        "requested": "[10.0.11, )",
        "resolved": "10.0.11",
        "contentHash": "NbsfNbQ7E6aRhBtogseM6dGWwUgrgyska+CXnlsIEgJNmgGh1s8ps8fKDMSgwE6hMIsU3TP8BKfRlvOOSpxV+g==",
        "dependencies": {
          "System.Collections.Immutable": "10.0.11",
          "System.Reflection.Metadata": "10.0.11"
        }
      },
      "System.Security.Cryptography.Pkcs": {
        "type": "Direct",
        "requested": "[10.0.11, )",
        "resolved": "10.0.11",
        "contentHash": "8IV+rI3xN/Mkq9MsSX7VZTv9T9Wt+tyhHLwBX9VNZBk8m8kknEs1JeTSjI2x9M2L/fSja+c2WSE5n5Yy0GXdoQ==",
        "dependencies": {
          "Microsoft.Bcl.Cryptography": "10.0.11",
          "System.Formats.Asn1": "10.0.11"
        }
      },
      "System.Security.Cryptography.ProtectedData": {
        "type": "Direct",
        "requested": "[10.0.11, )",
        "resolved": "10.0.11",
        "contentHash": "PNoxCTPb+Tlux+GJyq4c89ddYdpioVSqfGx8pqOF6shCSKwUNNctXhQtRkCICjbJmGrJJsW8NY52kVYO/b8mlQ=="
      },
      "VirusTotalAnalyzer": {
        "type": "Direct",
        "requested": "[1.0.0, )",
        "resolved": "1.0.0",
        "contentHash": "sg2uLSJS37PyZenldT55a+B93ct2bvz3653uU0FwFtv1v3bcrG453O7/n1hcSp9DO4burBNIyEu00O8ZWHptNQ=="
      },
      "Microsoft.Bcl.Cryptography": {
        "type": "Transitive",
        "resolved": "10.0.11",
        "contentHash": "7foJyHT7LbitR/l0BGJ2T86U6cULoc0P6mc+/Ih1Hj1nPOL8Wh2qc1DF4rn2sUzlcJH4tZ8M2A75/Xqrce2QGg==",
        "dependencies": {
          "System.Formats.Asn1": "10.0.11"
        }
      },
      "Newtonsoft.Json": {
        "type": "Transitive",
        "resolved": "13.0.3",
        "contentHash": "HrC5BXdl00IP9zeV+0Z848QWPAoCr9P3bDEZguI+gkLcBKAOxix/tLEAAHC+UvDNPv4a2d18lOReHMOagPa+zQ=="
      },
      "NuGet.Common": {
        "type": "Transitive",
        "resolved": "7.9.0",
        "contentHash": "OWFEzHpwvgzSaHYmWzfbyTm6oBOy/BFSFEDk73zM9jiJaxdopYZ/DrqIQogaM3F+ZGTppBJffmzu5adetEI/YA==",
        "dependencies": {
          "NuGet.Frameworks": "7.9.0"
        }
      },
      "NuGet.Frameworks": {
        "type": "Transitive",
        "resolved": "7.9.0",
        "contentHash": "w2adPmgUafmW9ON1MzDjuHmViN0vtiPV48Dz3OE6px8BiGSqrnWHOjwFEPOEPAZx20J1c7bxp90Hxo9l4xGWtw=="
      },
      "NuGet.Versioning": {
        "type": "Transitive",
        "resolved": "7.9.0",
        "contentHash": "r4sZuVpVqwSBLe4qYDrnpScqdyctlRXg0HSF5OoCGkeBc8b+o8BBYHuI/u1RoWYX78PbieijU13TBt71/Xf3lw=="
      },
      "System.Collections.Immutable": {
        "type": "Transitive",
        "resolved": "10.0.11",
        "contentHash": "BQY956wwWSjRDoOspL6L1JscbFoSgJK606mO3PYalBHIZRV+Sc2xokvR/NHLlpUEfju6EbW5GbKbNpVYQ65cLw=="
      },
      "System.Formats.Asn1": {
        "type": "Transitive",
        "resolved": "10.0.11",
        "contentHash": "OxAZMMykBaKsD+r2jXujE0f/ldcRfwsfLDXOZRI7iOAPNwfwIwwnj8HCR0NdEP7oxH8PKQs/pqseNcRwFx3BVQ=="
      },
      "System.Reflection.Metadata": {
        "type": "Transitive",
        "resolved": "10.0.11",
        "contentHash": "ayYHfHtraz6Z6kFQrlTVJ4lV8jG11noHfu6fWAdeP6I6coGCym14V06jZApgk/9c74HoP8Wmcpxd1NokbKFdbQ==",
        "dependencies": {
          "System.Collections.Immutable": "10.0.11"
        }
      }
    }
  }
}