{
  "version": 1,
  "dependencies": {
    "net10.0-windows7.0": {
      "Microsoft.Data.Sqlite": {
        "type": "Transitive",
        "resolved": "10.0.2",
        "contentHash": "kST8oJAIM1GBKZ9kpzqy+U7DAZ50m3whANKVc9NpL7PYFHmPRM1qIHjG99BsmhvUMwku+imJHWWi3kcG4OCs7Q==",
        "dependencies": {
          "Microsoft.Data.Sqlite.Core": "10.0.2",
          "SQLitePCLRaw.bundle_e_sqlite3": "2.1.11",
          "SQLitePCLRaw.core": "2.1.11"
        }
      },
      "Microsoft.Data.Sqlite.Core": {
        "type": "Transitive",
        "resolved": "10.0.2",
        "contentHash": "/8ubtRdyED4qyxmL1CAu3UZZUEgc9l0dPCItW5tlOkYlKOb3QNhjGuEeb7uTKAqm8L7kwFOx1fCsndiylrzZAg==",
        "dependencies": {
          "SQLitePCLRaw.core": "2.1.11"
        }
      },
      "SQLitePCLRaw.bundle_e_sqlite3": {
        "type": "Transitive",
        "resolved": "2.1.11",
        "contentHash": "DC4nA7yWnf4UZdgJDF+9Mus4/cb0Y3Sfgi3gDnAoKNAIBwzkskNAbNbyu+u4atT0ruVlZNJfwZmwiEwE5oz9LQ==",
        "dependencies": {
          "SQLitePCLRaw.lib.e_sqlite3": "2.1.11",
          "SQLitePCLRaw.provider.e_sqlite3": "2.1.11"
        }
      },
      "SQLitePCLRaw.core": {
        "type": "Transitive",
        "resolved": "2.1.11",
        "contentHash": "PK0GLFkfhZzLQeR3PJf71FmhtHox+U3vcY6ZtswoMjrefkB9k6ErNJEnwXqc5KgXDSjige2XXrezqS39gkpQKA=="
      },
      "SQLitePCLRaw.lib.e_sqlite3": {
        "type": "Transitive",
        "resolved": "2.1.11",
        "contentHash": "Ev2ytaXiOlWZ4b3R67GZBsemTINslLD1DCJr2xiacpn4tbapu0Q4dHEzSvZSMnVWeE5nlObU3VZN2p81q3XOYQ=="
      },
      "SQLitePCLRaw.provider.e_sqlite3": {
        "type": "Transitive",
        "resolved": "2.1.11",
        "contentHash": "Y/0ZkR+r0Cg3DQFuCl1RBnv/tmxpIZRU3HUvelPw6MVaKHwYYR8YNvgs0vuNuXCMvlyJ+Fh88U1D4tah1tt6qw==",
        "dependencies": {
          "SQLitePCLRaw.core": "2.1.11"
        }
      },
      "dbaclientx.core": {
        "type": "Project"
      },
      "dbaclientx.sqlite": {
        "type": "Project",
        "dependencies": {
          "DBAClientX.Core": "[0.3.0, )",
          "Microsoft.Data.Sqlite": "[10.0.2, )"
        }
      },
      "releaseopsstudio.domain": {
        "type": "Project"
      },
      "releaseopsstudio.orchestrator": {
        "type": "Project",
        "dependencies": {
          "DBAClientX.SQLite": "[0.2.0, )",
          "ReleaseOpsStudio.Domain": "[1.0.0, )"
        }
      }
    }
  }
}