{
  "version": 1,
  "dependencies": {
    "net10.0": {
      "Microsoft.AspNetCore.App.Internal.Assets": {
        "type": "Direct",
        "requested": "[10.0.2, )",
        "resolved": "10.0.2",
        "contentHash": "fMAqrUm+aspxRAsCJ6Hlgs96XSHwNIr9HBNt7wyBAzQkPlfE7w+0C4NzDoJnso5YZyDI0VcRtEXxG9odt3KiZA=="
      },
      "Microsoft.AspNetCore.Components.WebAssembly": {
        "type": "Direct",
        "requested": "[10.0.0-preview.6.25358.103, )",
        "resolved": "10.0.0-preview.6.25358.103",
        "contentHash": "D9/5UfsbRDw/ovd12P0ZBB++tCqBYy7K39RM27Z3n55st9kwO64ppyKW6Hs4ITqy2uTq5BLg7mlVfAj86TfB/w==",
        "dependencies": {
          "Microsoft.AspNetCore.Components.Web": "10.0.0-preview.6.25358.103",
          "Microsoft.Extensions.Configuration.Binder": "10.0.0-preview.6.25358.103",
          "Microsoft.Extensions.Configuration.Json": "10.0.0-preview.6.25358.103",
          "Microsoft.Extensions.Logging": "10.0.0-preview.6.25358.103",
          "Microsoft.JSInterop.WebAssembly": "10.0.0-preview.6.25358.103"
        }
      },
      "Microsoft.AspNetCore.Components.WebAssembly.DevServer": {
        "type": "Direct",
        "requested": "[10.0.0-preview.6.25358.103, )",
        "resolved": "10.0.0-preview.6.25358.103",
        "contentHash": "IddTyVd7xDBmQ1Kpnw+sIl0V8SsiWo3ulh7kPZ76o7hReCLRY3mHdhxAS9tSfjSW/N12tdR9fOH3aegkVHmBUA=="
      },
      "Microsoft.DotNet.HotReload.WebAssembly.Browser": {
        "type": "Direct",
        "requested": "[10.0.102, )",
        "resolved": "10.0.102",
        "contentHash": "Y8Xq5gLe6l3bW82uGJODzom5Z7pn+Y71BHObnmWF0LqbKFqfOOVDg76a2vyJnRLHn0X1LmsXSec/QdCWFOPl4A=="
      },
      "Microsoft.NET.ILLink.Tasks": {
        "type": "Direct",
        "requested": "[10.0.2, )",
        "resolved": "10.0.2",
        "contentHash": "sXdDtMf2qcnbygw9OdE535c2lxSxrZP8gO4UhDJ0xiJbl1wIqXS1OTcTDFTIJPOFd6Mhcm8gPEthqWGUxBsTqw=="
      },
      "Microsoft.NET.Sdk.WebAssembly.Pack": {
        "type": "Direct",
        "requested": "[10.0.2, )",
        "resolved": "10.0.2",
        "contentHash": "IdUDSSjbE4INgRhleKfdRwaYIXjlSNfNn8Ty1uF+q5fwl5WDOaOnCckj/9kj2eGdQsGbRgqbJkiwwJb97bRoNw=="
      },
      "Microsoft.AspNetCore.Authorization": {
        "type": "Transitive",
        "resolved": "10.0.0-preview.6.25358.103",
        "contentHash": "yCvk3HUhB/d/6Wn2n7A7lXyiK+26Ng3vToqIsCWdzAhJQEwLibeHFDyEDELS4CTdYx8T3A1ZtwoVE8yy08EcKg==",
        "dependencies": {
          "Microsoft.AspNetCore.Metadata": "10.0.0-preview.6.25358.103",
          "Microsoft.Extensions.Diagnostics": "10.0.0-preview.6.25358.103",
          "Microsoft.Extensions.Logging.Abstractions": "10.0.0-preview.6.25358.103",
          "Microsoft.Extensions.Options": "10.0.0-preview.6.25358.103"
        }
      },
      "Microsoft.AspNetCore.Components": {
        "type": "Transitive",
        "resolved": "10.0.0-preview.6.25358.103",
        "contentHash": "JiQ1Oyf3w9iwlmBqj5VjF9KBRq7w75uSit/so5DCn9KnesrRh1zCeqotSgillw+axR+NA7MaiaMV8zn+K1nAeA==",
        "dependencies": {
          "Microsoft.AspNetCore.Authorization": "10.0.0-preview.6.25358.103",
          "Microsoft.AspNetCore.Components.Analyzers": "10.0.0-preview.6.25358.103"
        }
      },
      "Microsoft.AspNetCore.Components.Analyzers": {
        "type": "Transitive",
        "resolved": "10.0.0-preview.6.25358.103",
        "contentHash": "a+pEazs6GRY17yxnHa8kjluNutL6roZiRhTHaGkT4EJOEgMUfXiIOguQerRii+H3DTmfSgtgwt5Nr7dNjVzVEg=="
      },
      "Microsoft.AspNetCore.Components.Forms": {
        "type": "Transitive",
        "resolved": "10.0.0-preview.6.25358.103",
        "contentHash": "MgiXccVDdGJ2AOcQU6OAr1VE4ACK068u/+M+EcE8fn4aGbfbBpwwkUsRssVS0cKI0sbxRosPKSnbaLXJhRTilA==",
        "dependencies": {
          "Microsoft.AspNetCore.Components": "10.0.0-preview.6.25358.103",
          "Microsoft.Extensions.Validation": "10.0.0-preview.6.25358.103"
        }
      },
      "Microsoft.AspNetCore.Components.Web": {
        "type": "Transitive",
        "resolved": "10.0.0-preview.6.25358.103",
        "contentHash": "9D0UsfOue0uhJJH36lCYxLXD7dMEukUpqN3r7vr00Crq4Pa2ZhcqYnaNjNulxGbJJjrW/gzcOSAKo6TtkWGNpQ==",
        "dependencies": {
          "Microsoft.AspNetCore.Components": "10.0.0-preview.6.25358.103",
          "Microsoft.AspNetCore.Components.Forms": "10.0.0-preview.6.25358.103",
          "Microsoft.Extensions.DependencyInjection": "10.0.0-preview.6.25358.103",
          "Microsoft.Extensions.Primitives": "10.0.0-preview.6.25358.103",
          "Microsoft.JSInterop": "10.0.0-preview.6.25358.103"
        }
      },
      "Microsoft.AspNetCore.Metadata": {
        "type": "Transitive",
        "resolved": "10.0.0-preview.6.25358.103",
        "contentHash": "td1FcDZC/Nsm0IcN7RlLd78bXODwuFbz71gFs9bWJhV+qxKMkhEqz0JWujWID11ddrKHawxqDXqd9/7/Ysh7Yg=="
      },
      "Microsoft.Extensions.Configuration": {
        "type": "Transitive",
        "resolved": "10.0.0-preview.6.25358.103",
        "contentHash": "fypDLNI6JZe1ipJLYF0quEHa6I9qRQUNMRA1x8+BSY+KJn70BiNNPDSkJFrnAUdrJT+N2otJRm64xRhou0Em6w==",
        "dependencies": {
          "Microsoft.Extensions.Configuration.Abstractions": "10.0.0-preview.6.25358.103",
          "Microsoft.Extensions.Primitives": "10.0.0-preview.6.25358.103"
        }
      },
      "Microsoft.Extensions.Configuration.Abstractions": {
        "type": "Transitive",
        "resolved": "10.0.0-preview.6.25358.103",
        "contentHash": "jMCM7Z7sqACZrJYcOrz2tE9toRKtR/2JlFAMc8In7epzdcOMCz5F7dINKZwnhltLBlYaAyg0xs/9KRRhHWuaNw==",
        "dependencies": {
          "Microsoft.Extensions.Primitives": "10.0.0-preview.6.25358.103"
        }
      },
      "Microsoft.Extensions.Configuration.Binder": {
        "type": "Transitive",
        "resolved": "10.0.0-preview.6.25358.103",
        "contentHash": "7dJhJ9ebXxqNeuabYk2gkzMr3LtrIp2qw7Mt2TXjCiEJudcK0z9ogm4vzwEH6AgUUiU+tGcJq8reEomzLZnkcw==",
        "dependencies": {
          "Microsoft.Extensions.Configuration.Abstractions": "10.0.0-preview.6.25358.103"
        }
      },
      "Microsoft.Extensions.Configuration.FileExtensions": {
        "type": "Transitive",
        "resolved": "10.0.0-preview.6.25358.103",
        "contentHash": "6jecem+ivT6rue10h7+LFGu2tEdYA+Q1BeueBIwaA7M6QfxmRA8XXVA2/h3m6a/sm8NlFsJaxECQRzqVyUzvKA==",
        "dependencies": {
          "Microsoft.Extensions.Configuration": "10.0.0-preview.6.25358.103",
          "Microsoft.Extensions.Configuration.Abstractions": "10.0.0-preview.6.25358.103",
          "Microsoft.Extensions.FileProviders.Abstractions": "10.0.0-preview.6.25358.103",
          "Microsoft.Extensions.FileProviders.Physical": "10.0.0-preview.6.25358.103",
          "Microsoft.Extensions.Primitives": "10.0.0-preview.6.25358.103"
        }
      },
      "Microsoft.Extensions.Configuration.Json": {
        "type": "Transitive",
        "resolved": "10.0.0-preview.6.25358.103",
        "contentHash": "KcUEaL2H9PSn5K3lJHPYY6VXzv5hSZfmt+EYWq/ws9wE/mKDfjFUClDZ5LvqjMXU79PIYRlfB6nKn9bBglltnA==",
        "dependencies": {
          "Microsoft.Extensions.Configuration": "10.0.0-preview.6.25358.103",
          "Microsoft.Extensions.Configuration.Abstractions": "10.0.0-preview.6.25358.103",
          "Microsoft.Extensions.Configuration.FileExtensions": "10.0.0-preview.6.25358.103",
          "Microsoft.Extensions.FileProviders.Abstractions": "10.0.0-preview.6.25358.103"
        }
      },
      "Microsoft.Extensions.DependencyInjection": {
        "type": "Transitive",
        "resolved": "10.0.0-preview.6.25358.103",
        "contentHash": "789qUZQkqzBfPVvGDkHn+G/GCjjcZIREzgcnQVcNoPvR+hBM6YQnSzL7oNiwXSDBfhV3OoNJ3Q3VcUiuCWACsA==",
        "dependencies": {
          "Microsoft.Extensions.DependencyInjection.Abstractions": "10.0.0-preview.6.25358.103"
        }
      },
      "Microsoft.Extensions.DependencyInjection.Abstractions": {
        "type": "Transitive",
        "resolved": "10.0.0-preview.6.25358.103",
        "contentHash": "XrX5CQwI6dnGvmPJJxf/X1JxhPzRwdKKUf9onJKN+qyqP+wwH9floTgkckGdJxVV+jvnWeUgSJ6MZvQM6WmwSg=="
      },
      "Microsoft.Extensions.Diagnostics": {
        "type": "Transitive",
        "resolved": "10.0.0-preview.6.25358.103",
        "contentHash": "iYPgCak/Y5zOfTQljKv3FZlV667salExF3cwVipYRkw3IjLe9zYjvmbqKCc8xo0wyJAUqZuJyin0/3u2UG3rUg==",
        "dependencies": {
          "Microsoft.Extensions.Configuration": "10.0.0-preview.6.25358.103",
          "Microsoft.Extensions.Diagnostics.Abstractions": "10.0.0-preview.6.25358.103",
          "Microsoft.Extensions.Options.ConfigurationExtensions": "10.0.0-preview.6.25358.103"
        }
      },
      "Microsoft.Extensions.Diagnostics.Abstractions": {
        "type": "Transitive",
        "resolved": "10.0.0-preview.6.25358.103",
        "contentHash": "gC1arc0MQ+1sX46IrWterWv/yjhaIBA4e0QmyIVsHgWmgRX4pei2CuG2TXrRDY1u+pgG5xGlHN8FNhBI8YzXZQ==",
        "dependencies": {
          "Microsoft.Extensions.DependencyInjection.Abstractions": "10.0.0-preview.6.25358.103",
          "Microsoft.Extensions.Options": "10.0.0-preview.6.25358.103"
        }
      },
      "Microsoft.Extensions.FileProviders.Abstractions": {
        "type": "Transitive",
        "resolved": "10.0.0-preview.6.25358.103",
        "contentHash": "CQyTCUGP9yF6N68+URCrS4F6F8YtQECb8BIqi4cVDNF5JykM551zCVL7vCoghfAFCBiERbCBPwu46nxy/u7lSA==",
        "dependencies": {
          "Microsoft.Extensions.Primitives": "10.0.0-preview.6.25358.103"
        }
      },
      "Microsoft.Extensions.FileProviders.Physical": {
        "type": "Transitive",
        "resolved": "10.0.0-preview.6.25358.103",
        "contentHash": "jCmO0T5g3eUgp6Z7DgyDIqgQQdhknxSJ3/Qt796inNrNcT3wGCtUQoxJKDHjNTfL8kDUe7Ajq221z9YhCd7EwQ==",
        "dependencies": {
          "Microsoft.Extensions.FileProviders.Abstractions": "10.0.0-preview.6.25358.103",
          "Microsoft.Extensions.FileSystemGlobbing": "10.0.0-preview.6.25358.103",
          "Microsoft.Extensions.Primitives": "10.0.0-preview.6.25358.103"
        }
      },
      "Microsoft.Extensions.FileSystemGlobbing": {
        "type": "Transitive",
        "resolved": "10.0.0-preview.6.25358.103",
        "contentHash": "0ElgXEF7R+oTK06ctnHQ2GCKbMFDwcEf7PGjmFD/P2G4gD2B6Q4YeKca1+2X1wAaJaxrl9G5IqWJyQG5L/hPrg=="
      },
      "Microsoft.Extensions.Logging": {
        "type": "Transitive",
        "resolved": "10.0.0-preview.6.25358.103",
        "contentHash": "O7o3t9S1pc7JmnEem3bKmoyZUvfZMQxCJlQIRNv6ERVNXlgbagWgxCuwoI0b499b/MG8CpMryTWjQAsYba8VoQ==",
        "dependencies": {
          "Microsoft.Extensions.DependencyInjection": "10.0.0-preview.6.25358.103",
          "Microsoft.Extensions.Logging.Abstractions": "10.0.0-preview.6.25358.103",
          "Microsoft.Extensions.Options": "10.0.0-preview.6.25358.103"
        }
      },
      "Microsoft.Extensions.Logging.Abstractions": {
        "type": "Transitive",
        "resolved": "10.0.0-preview.6.25358.103",
        "contentHash": "ktG/8xOcrtBL176cYv6mzOL+YRSPySE8hcppHonAXYa8jf3lW/WmxfAUwK0WtUEl7MdYR8mbuEAbSg81crBq5Q==",
        "dependencies": {
          "Microsoft.Extensions.DependencyInjection.Abstractions": "10.0.0-preview.6.25358.103"
        }
      },
      "Microsoft.Extensions.Options": {
        "type": "Transitive",
        "resolved": "10.0.0-preview.6.25358.103",
        "contentHash": "V3IaV1wPAVpVfDrOK0b4xKZVEHMFlYSL0Wfx6/Tm8bt4ovodorVqHe/EvsogWmsbcj1XhJvFuWXVDuG479i2vw==",
        "dependencies": {
          "Microsoft.Extensions.DependencyInjection.Abstractions": "10.0.0-preview.6.25358.103",
          "Microsoft.Extensions.Primitives": "10.0.0-preview.6.25358.103"
        }
      },
      "Microsoft.Extensions.Options.ConfigurationExtensions": {
        "type": "Transitive",
        "resolved": "10.0.0-preview.6.25358.103",
        "contentHash": "dx3KoYXwXtivveyBEDjxmYuFnN/ZyYWJWVn7vWInCP9D1MQ0WmXms7L4bPsC6Ad+4OYi0lNCYz3Tv3fyJ9DD2Q==",
        "dependencies": {
          "Microsoft.Extensions.Configuration.Abstractions": "10.0.0-preview.6.25358.103",
          "Microsoft.Extensions.Configuration.Binder": "10.0.0-preview.6.25358.103",
          "Microsoft.Extensions.DependencyInjection.Abstractions": "10.0.0-preview.6.25358.103",
          "Microsoft.Extensions.Options": "10.0.0-preview.6.25358.103",
          "Microsoft.Extensions.Primitives": "10.0.0-preview.6.25358.103"
        }
      },
      "Microsoft.Extensions.Primitives": {
        "type": "Transitive",
        "resolved": "10.0.0-preview.6.25358.103",
        "contentHash": "iSpD+A130hPiq20tbqKGujXtFY1Zc3q/R/AlN3qPpUYwmxEZbybykQ+YpiDzdyoGvo0gp/4vtk/Hqcvkwt53Gw=="
      },
      "Microsoft.Extensions.Validation": {
        "type": "Transitive",
        "resolved": "10.0.0-preview.6.25358.103",
        "contentHash": "55mRPkr1OROaVj8kV2VZP6WRLMWxzMPyjCHPk2gbUI3J791MhgaGdthjWOFh+ZI0bUjeokCMK7Gwk80UBLUR7Q==",
        "dependencies": {
          "Microsoft.Extensions.DependencyInjection.Abstractions": "10.0.0-preview.6.25358.103",
          "Microsoft.Extensions.Options": "10.0.0-preview.6.25358.103"
        }
      },
      "Microsoft.JSInterop": {
        "type": "Transitive",
        "resolved": "10.0.0-preview.6.25358.103",
        "contentHash": "ot6jGkno34N9F9i1x7+zQ9Gq89JU2+2bg11VGFxRTgEraKrkKGJt14q+wcvh7rXibaaQNzembMxLl/Poxt/T7A=="
      },
      "Microsoft.JSInterop.WebAssembly": {
        "type": "Transitive",
        "resolved": "10.0.0-preview.6.25358.103",
        "contentHash": "IBmIq0ZLpiz6ogDvR/+kjsYjHb+rBPTdlVeMFKCTW94h+JH/mr0IoEt7ZtE4OMRTyNqS8tylDcGWxIO28UH7lA==",
        "dependencies": {
          "Microsoft.JSInterop": "10.0.0-preview.6.25358.103"
        }
      }
    },
    "net10.0/browser-wasm": {}
  }
}