{
  "version": 1,
  "dependencies": {
    "net10.0-windows7.0": {
      "Microsoft.Web.WebView2": {
        "type": "Direct",
        "requested": "[1.0.*, )",
        "resolved": "1.0.4078.44",
        "contentHash": "TQkHa/aOHUqFHnJIJ/2ZmJ4nLcQJi0Pc0rj9BAs7SP5sT/KtVtb8jFp9uqQL6cKzCRSrwjS/wEPA43NWUOzU+A=="
      },
      "OfficeIMO.MarkdownRenderer.Wpf": {
        "type": "Direct",
        "requested": "[0.1.37, )",
        "resolved": "0.1.37",
        "contentHash": "pfgVr+BRU6nczUWp2VoYQ5V68jr5dSrlIuXBapn/8YVp2YVy45puQkBsMVYdeuU9BIfnU5DyY82009Rw/Ru47A==",
        "dependencies": {
          "Microsoft.Web.WebView2": "1.0.3912.50",
          "OfficeIMO.MarkdownRenderer": "0.2.42"
        }
      },
      "AngleSharp": {
        "type": "Transitive",
        "resolved": "1.5.2",
        "contentHash": "LVZ7rrr6GHbhERhTgVDarVygl1e6KwE96pronA90LBOMacDhxR4lB+xYLjn/vlnUu+xbOB2RM9fuCPEx5bdyWA=="
      },
      "AngleSharp.Css": {
        "type": "Transitive",
        "resolved": "1.0.0-beta.216",
        "contentHash": "RVt/B1pp7HREgerDw8BVZSDC+Uqh+yeL/OGtu57mLLhBBPIQ1oSYrPKOYgdt0EZEK34l7BNCjx4BaQRNRN/ZIw==",
        "dependencies": {
          "AngleSharp": "[1.0.0, 2.0.0)"
        }
      },
      "Microsoft.Data.Sqlite": {
        "type": "Transitive",
        "resolved": "10.0.10",
        "contentHash": "58JwZ39lCvRXHfV5O6RQfbHEDu8ZsXI7weRoVRR4jrGRxxkS+qyeuGrN2xD+9VYEICApYr0iTSL6PuU+DdsvPg==",
        "dependencies": {
          "Microsoft.Data.Sqlite.Core": "10.0.10",
          "SQLitePCLRaw.bundle_e_sqlite3": "2.1.11",
          "SQLitePCLRaw.core": "2.1.11"
        }
      },
      "Microsoft.Data.Sqlite.Core": {
        "type": "Transitive",
        "resolved": "10.0.10",
        "contentHash": "TPCs0ldm7AWqcKmp6f/Xr+14sat7hx4rHfRlS4RgCURBH2thEWbAKEyX7cCWr63zVJVOJIJZTg2cBiUXa8ys6g==",
        "dependencies": {
          "SQLitePCLRaw.core": "2.1.11"
        }
      },
      "NuGet.Common": {
        "type": "Transitive",
        "resolved": "7.6.0",
        "contentHash": "uyXLqkbbZmkMvdHOR23l1EHW2hRmULtzoG3Ocj84VpGptnNfkODVboHGJfDfcn9Gi9oUNDs8/VjL4FZcST6zVg==",
        "dependencies": {
          "NuGet.Frameworks": "7.6.0"
        }
      },
      "NuGet.Configuration": {
        "type": "Transitive",
        "resolved": "7.6.0",
        "contentHash": "+bNj+YneC5CNg1vR+WZjLAakscJlsi0KhADZUgIJPn4pwh8/jeCUMC5ik5cpET/i+QOplDy7aJVTGkpdfrlPww==",
        "dependencies": {
          "NuGet.Common": "7.6.0"
        }
      },
      "NuGet.Frameworks": {
        "type": "Transitive",
        "resolved": "7.6.0",
        "contentHash": "rJ7QtKN45XzLXCrMATve6eFLiUyUGEkA1rFSb6U6Fw6laM4hEAcKOrcdbgWlcFUlCK2158qP1LF00hg/ivF3nw=="
      },
      "OfficeIMO.Html": {
        "type": "Transitive",
        "resolved": "0.1.11",
        "contentHash": "xBDWgQw5P9UhTksl9kDkDWCKTj+Q5tyzRgpgCGuaLQJMsry5+z+AA6wh5Umxqm8mes6F1q4PFp8VXqQf1THT1w==",
        "dependencies": {
          "AngleSharp": "1.5.2",
          "AngleSharp.Css": "1.0.0-beta.216",
          "OfficeIMO.Rtf": "0.1.10"
        }
      },
      "OfficeIMO.Markdown": {
        "type": "Transitive",
        "resolved": "0.6.42",
        "contentHash": "eApNM/lo9Sk5gET2fmNojBurTW6eRA11pJE3UGPzcBfOzOgpVHEO2PZmWPogajBjKt+YOszljcz47f5uDKaglw=="
      },
      "OfficeIMO.Markdown.Html": {
        "type": "Transitive",
        "resolved": "0.1.42",
        "contentHash": "RJAwe4YPgV1EtN2NOW1c0Qx456AisIHIaKHG/+95/sxQb2iqrDz4SeIpJ8I6yHB6ifwIUXH6X6PlGfWOdgkNQw==",
        "dependencies": {
          "OfficeIMO.Html": "0.1.11",
          "OfficeIMO.Markdown": "0.6.42"
        }
      },
      "OfficeIMO.MarkdownRenderer": {
        "type": "Transitive",
        "resolved": "0.2.42",
        "contentHash": "sxa4hK8d/9PX98gK6UCrjFeYW0pxAjIVFXUDTlGjkmS33wDBd1/NOHb5Mmiot/qi5z5/1Ap/WfwYbiJoE/Kjow==",
        "dependencies": {
          "OfficeIMO.Markdown": "0.6.42",
          "OfficeIMO.Markdown.Html": "0.1.42"
        }
      },
      "OfficeIMO.Rtf": {
        "type": "Transitive",
        "resolved": "0.1.10",
        "contentHash": "ayHx70Ow1o81eHMZjy5ILfgxWs3ZSX03KFARJyYuO8YknA0wBqfqWwDHdQL5dQaKGi0kwhwbFFe8i2ZdWA2d5A=="
      },
      "SourceGear.sqlite3": {
        "type": "Transitive",
        "resolved": "3.53.3",
        "contentHash": "PaDT7JwQ00HmXZT1xSGSC0c24A5lVpJYHMrXBuJATdpB2t0nf4Kq9HyPaZhxVW0elPq4XI1s5BLh7qLuObmzFA=="
      },
      "SQLitePCLRaw.bundle_e_sqlite3": {
        "type": "Transitive",
        "resolved": "3.0.4",
        "contentHash": "gg8vENKV/o0pWLI0eJxnTA4X9e63rOvzkCDMAOePDGLieNSHPCGUiJ4CQDqDyNqIf6IPVzD4TOjqY5ACygZkkA==",
        "dependencies": {
          "SQLitePCLRaw.config.e_sqlite3": "3.0.4",
          "SourceGear.sqlite3": "3.53.3"
        }
      },
      "SQLitePCLRaw.config.e_sqlite3": {
        "type": "Transitive",
        "resolved": "3.0.4",
        "contentHash": "W2HMmjAZ1v27fbyzZtONCdC8Ma/tTr5wLAIr4Iq7T4oKrYaI4occJ5TBhSdK4pltwBJLQBG5DcQMz+/w9X4bbg==",
        "dependencies": {
          "SQLitePCLRaw.provider.e_sqlite3": "3.0.4"
        }
      },
      "SQLitePCLRaw.core": {
        "type": "Transitive",
        "resolved": "3.0.4",
        "contentHash": "cOjxfdjE4zQDvDVDUBfucKGXEaYos4l4l+TVwePJEHp/nl9fkgBz/lIVgfMH5dOyKRmNi6RsptUGtZsvsD7iYQ=="
      },
      "SQLitePCLRaw.provider.e_sqlite3": {
        "type": "Transitive",
        "resolved": "3.0.4",
        "contentHash": "L4uiEKeRSXxppkGE4iSpgBgC5lNvw2zEN/hAaxTecUS1+DhC6UEFhHaakSYYvnFq7x16B7DQcaXgXy0SkhSwnw==",
        "dependencies": {
          "SQLitePCLRaw.core": "3.0.4"
        }
      },
      "System.Reflection.MetadataLoadContext": {
        "type": "Transitive",
        "resolved": "8.0.0",
        "contentHash": "SZxrQ4sQYnIcdwiO3G/lHZopbPYQ2lW0ioT4JezgccWUrKaKbHLJbAGZaDfkYjWcta1pWssAo3MOXLsR0ie4tQ=="
      },
      "dbaclientx.core": {
        "type": "Project"
      },
      "dbaclientx.sqlite": {
        "type": "Project",
        "dependencies": {
          "DBAClientX.Core": "[0.14.0, )",
          "Microsoft.Data.Sqlite": "[10.0.10, )",
          "SQLitePCLRaw.bundle_e_sqlite3": "[3.0.4, )",
          "SQLitePCLRaw.core": "[3.0.4, )"
        }
      },
      "powerforge": {
        "type": "Project",
        "dependencies": {
          "NuGet.Configuration": "[7.6.0, )",
          "System.Reflection.MetadataLoadContext": "[8.0.0, )"
        }
      },
      "powerforgestudio.domain": {
        "type": "Project"
      },
      "powerforgestudio.orchestrator": {
        "type": "Project",
        "dependencies": {
          "DBAClientX.Core": "[0.14.0, )",
          "DBAClientX.SQLite": "[0.12.0, )",
          "Microsoft.Data.Sqlite": "[10.0.10, )",
          "PowerForge": "[3.0.81, )",
          "PowerForgeStudio.Domain": "[1.0.0, )"
        }
      }
    }
  }
}