{
  "version": 1,
  "dependencies": {
    "net10.0-windows7.0": {
      "Microsoft.Web.WebView2": {
        "type": "Direct",
        "requested": "[1.0.*, )",
        "resolved": "1.0.4129.50",
        "contentHash": "BuJC70c7SCl8wlvojLZbc/E5ONmGyG3fhAMmpftCpKerxae//TxgKOTELRK2QRD7m7jigNFQRf6cfVT3ZiIQoQ=="
      },
      "OfficeIMO.MarkdownRenderer.Wpf": {
        "type": "Direct",
        "requested": "[3.1.0, )",
        "resolved": "3.1.0",
        "contentHash": "Of6ppLCXADqaRdVDsMC3B/2PybSMtCOI1DzZ1dpnvsSGyrPVcHSH+iaTnAl9y8dWFmjNxcZmfzYNFareCI2Taw==",
        "dependencies": {
          "Microsoft.Web.WebView2": "1.0.3912.50",
          "OfficeIMO.MarkdownRenderer": "3.1.0"
        }
      },
      "AngleSharp": {
        "type": "Transitive",
        "resolved": "1.5.2",
        "contentHash": "LVZ7rrr6GHbhERhTgVDarVygl1e6KwE96pronA90LBOMacDhxR4lB+xYLjn/vlnUu+xbOB2RM9fuCPEx5bdyWA=="
      },
      "AngleSharp.Css": {
        "type": "Transitive",
        "resolved": "1.0.0-beta.216",
        "contentHash": "RVt/B1pp7HREgerDw8BVZSDC+Uqh+yeL/OGtu57mLLhBBPIQ1oSYrPKOYgdt0EZEK34l7BNCjx4BaQRNRN/ZIw==",
        "dependencies": {
          "AngleSharp": "[1.0.0, 2.0.0)"
        }
      },
      "Microsoft.Data.Sqlite": {
        "type": "Transitive",
        "resolved": "10.0.10",
        "contentHash": "58JwZ39lCvRXHfV5O6RQfbHEDu8ZsXI7weRoVRR4jrGRxxkS+qyeuGrN2xD+9VYEICApYr0iTSL6PuU+DdsvPg==",
        "dependencies": {
          "Microsoft.Data.Sqlite.Core": "10.0.10",
          "SQLitePCLRaw.bundle_e_sqlite3": "2.1.11",
          "SQLitePCLRaw.core": "2.1.11"
        }
      },
      "Microsoft.Data.Sqlite.Core": {
        "type": "Transitive",
        "resolved": "10.0.10",
        "contentHash": "TPCs0ldm7AWqcKmp6f/Xr+14sat7hx4rHfRlS4RgCURBH2thEWbAKEyX7cCWr63zVJVOJIJZTg2cBiUXa8ys6g==",
        "dependencies": {
          "SQLitePCLRaw.core": "2.1.11"
        }
      },
      "NuGet.Common": {
        "type": "Transitive",
        "resolved": "7.6.0",
        "contentHash": "uyXLqkbbZmkMvdHOR23l1EHW2hRmULtzoG3Ocj84VpGptnNfkODVboHGJfDfcn9Gi9oUNDs8/VjL4FZcST6zVg==",
        "dependencies": {
          "NuGet.Frameworks": "7.6.0"
        }
      },
      "NuGet.Configuration": {
        "type": "Transitive",
        "resolved": "7.6.0",
        "contentHash": "+bNj+YneC5CNg1vR+WZjLAakscJlsi0KhADZUgIJPn4pwh8/jeCUMC5ik5cpET/i+QOplDy7aJVTGkpdfrlPww==",
        "dependencies": {
          "NuGet.Common": "7.6.0"
        }
      },
      "NuGet.Frameworks": {
        "type": "Transitive",
        "resolved": "7.6.0",
        "contentHash": "rJ7QtKN45XzLXCrMATve6eFLiUyUGEkA1rFSb6U6Fw6laM4hEAcKOrcdbgWlcFUlCK2158qP1LF00hg/ivF3nw=="
      },
      "OfficeIMO.Core": {
        "type": "Transitive",
        "resolved": "3.1.0",
        "contentHash": "emx6dngAz5tgLHkJZTgG5LjHBavuOKTNYjORw1Egep8C9VvhfrCA3THBcb9yAg1YyF0KABBEtOT736ecQCXSBQ=="
      },
      "OfficeIMO.Email": {
        "type": "Transitive",
        "resolved": "3.1.0",
        "contentHash": "lAocObJkKR0mjaMS5vUbXdnypYGks5x7OksV7UgMHqWCLti1EAalTXPMTSbT0FKkIAjqyYP+hNumvZpo78EIjw==",
        "dependencies": {
          "OfficeIMO.Core": "3.1.0",
          "OfficeIMO.Rtf": "3.1.0"
        }
      },
      "OfficeIMO.Html": {
        "type": "Transitive",
        "resolved": "3.1.0",
        "contentHash": "OANXLODRAKrj9x0aYcYOcSelQTPigRJ0R+pOdZrihkv20GXq5CD9WB4Ehfx/moMv/j181TvKZ/Ddz2igG5005A==",
        "dependencies": {
          "AngleSharp": "1.5.2",
          "AngleSharp.Css": "1.0.0-beta.216",
          "OfficeIMO.Core": "3.1.0",
          "OfficeIMO.Email": "3.1.0",
          "OfficeIMO.Rtf": "3.1.0"
        }
      },
      "OfficeIMO.Markdown": {
        "type": "Transitive",
        "resolved": "3.1.0",
        "contentHash": "XhFoqTq1aSmSzYJBq8sdLxi5mnXqm+Cgbwwc0moLHrjeymPb7E4ujfTF8TB69EMhhwKZQTTm8mn124zPC4hs1A==",
        "dependencies": {
          "OfficeIMO.Core": "3.1.0"
        }
      },
      "OfficeIMO.Markdown.Html": {
        "type": "Transitive",
        "resolved": "3.1.0",
        "contentHash": "FUF/7xaKPzNDkH/7TRyl15xOvOVnUzA4WxUo8TAGpgI03ABwj76IQVA7HDZWf0MNf1XoKOlevXWVjCx5mswdSA==",
        "dependencies": {
          "OfficeIMO.Html": "3.1.0",
          "OfficeIMO.Markdown": "3.1.0"
        }
      },
      "OfficeIMO.MarkdownRenderer": {
        "type": "Transitive",
        "resolved": "3.1.0",
        "contentHash": "Q5PZZE9CdiNp6cPeECOVArot2qH9gsBg44yrWEa3dfzwtB1ynmZdz+5NRlFfzqZOipBqXbsag+NXmjEEMNlVjQ==",
        "dependencies": {
          "OfficeIMO.Markdown": "3.1.0",
          "OfficeIMO.Markdown.Html": "3.1.0"
        }
      },
      "OfficeIMO.Rtf": {
        "type": "Transitive",
        "resolved": "3.1.0",
        "contentHash": "EHnOkfxzFCgL0M/hCnpCZIFm9oIexRO56WBYwqErXTl6n7q6tp5RKaV8UTZko5yIyD0xEiqP9dy+ILJLCJsE6g==",
        "dependencies": {
          "OfficeIMO.Core": "3.1.0"
        }
      },
      "SQLitePCLRaw.bundle_e_sqlite3": {
        "type": "Transitive",
        "resolved": "2.1.11",
        "contentHash": "DC4nA7yWnf4UZdgJDF+9Mus4/cb0Y3Sfgi3gDnAoKNAIBwzkskNAbNbyu+u4atT0ruVlZNJfwZmwiEwE5oz9LQ==",
        "dependencies": {
          "SQLitePCLRaw.lib.e_sqlite3": "2.1.11",
          "SQLitePCLRaw.provider.e_sqlite3": "2.1.11"
        }
      },
      "SQLitePCLRaw.core": {
        "type": "Transitive",
        "resolved": "2.1.11",
        "contentHash": "PK0GLFkfhZzLQeR3PJf71FmhtHox+U3vcY6ZtswoMjrefkB9k6ErNJEnwXqc5KgXDSjige2XXrezqS39gkpQKA=="
      },
      "SQLitePCLRaw.lib.e_sqlite3": {
        "type": "Transitive",
        "resolved": "2.1.11",
        "contentHash": "Ev2ytaXiOlWZ4b3R67GZBsemTINslLD1DCJr2xiacpn4tbapu0Q4dHEzSvZSMnVWeE5nlObU3VZN2p81q3XOYQ=="
      },
      "SQLitePCLRaw.provider.e_sqlite3": {
        "type": "Transitive",
        "resolved": "2.1.11",
        "contentHash": "Y/0ZkR+r0Cg3DQFuCl1RBnv/tmxpIZRU3HUvelPw6MVaKHwYYR8YNvgs0vuNuXCMvlyJ+Fh88U1D4tah1tt6qw==",
        "dependencies": {
          "SQLitePCLRaw.core": "2.1.11"
        }
      },
      "System.Reflection.MetadataLoadContext": {
        "type": "Transitive",
        "resolved": "10.0.10",
        "contentHash": "7f8JfUA85nD2yOrTX9fhuHPp8P01qqnbGTtRiMK6rwNhS1jNLqoCJfdzLMOIZY8b9sBoAX3eOH04k1fWeCgOYQ=="
      },
      "VirusTotalAnalyzer": {
        "type": "Transitive",
        "resolved": "1.0.0",
        "contentHash": "sg2uLSJS37PyZenldT55a+B93ct2bvz3653uU0FwFtv1v3bcrG453O7/n1hcSp9DO4burBNIyEu00O8ZWHptNQ=="
      },
      "powerforge": {
        "type": "Project",
        "dependencies": {
          "NuGet.Configuration": "[7.6.0, )",
          "System.Reflection.MetadataLoadContext": "[10.0.10, )",
          "VirusTotalAnalyzer": "[1.0.0, )"
        }
      },
      "powerforgestudio.domain": {
        "type": "Project"
      },
      "powerforgestudio.orchestrator": {
        "type": "Project",
        "dependencies": {
          "Microsoft.Data.Sqlite": "[10.0.10, )",
          "PowerForge": "[3.0.108, )",
          "PowerForgeStudio.Domain": "[1.0.0, )"
        }
      }
    }
  }
}