{
  "version": 1,
  "dependencies": {
    "net8.0": {
      "System.DirectoryServices.Protocols": {
        "type": "Direct",
        "requested": "[10.0.12, )",
        "resolved": "10.0.12",
        "contentHash": "L2PHm7ewfjQYgbhBUB+lXiewxoNo+rhn06geWeUJP3qYCDnkL+Qibv6TEPMlMsF/zab4cU2bE8BWTBqzHZYiYg=="
      }
    }
  }
}